// !$*UTF8*$!
{
	archiveVersion = 1;
	classes = {
	};
	objectVersion = 46;
	objects = {

/* Begin PBXBuildFile section */
		3698C21D1946B0AB00BD42E3 /* Foundation.framework in Frameworks */ = {isa = PBXBuildFile; fileRef = 3698C21C1946B0AB00BD42E3 /* Foundation.framework */; };
		3698C21F1946B0AB00BD42E3 /* CoreGraphics.framework in Frameworks */ = {isa = PBXBuildFile; fileRef = 3698C21E1946B0AB00BD42E3 /* CoreGraphics.framework */; };
		3698C2211946B0AB00BD42E3 /* UIKit.framework in Frameworks */ = {isa = PBXBuildFile; fileRef = 3698C2201946B0AB00BD42E3 /* UIKit.framework */; };
		3698C2231946B0AB00BD42E3 /* CoreData.framework in Frameworks */ = {isa = PBXBuildFile; fileRef = 3698C2221946B0AB00BD42E3 /* CoreData.framework */; };
		3698C2291946B0AB00BD42E3 /* InfoPlist.strings in Resources */ = {isa = PBXBuildFile; fileRef = 3698C2271946B0AB00BD42E3 /* InfoPlist.strings */; };
		3698C22B1946B0AB00BD42E3 /* main.m in Sources */ = {isa = PBXBuildFile; fileRef = 3698C22A1946B0AB00BD42E3 /* main.m */; };
		3698C22F1946B0AB00BD42E3 /* PFAppDelegate.m in Sources */ = {isa = PBXBuildFile; fileRef = 3698C22E1946B0AB00BD42E3 /* PFAppDelegate.m */; };
		3698C2321946B0AB00BD42E3 /* P2Coffee.xcdatamodeld in Sources */ = {isa = PBXBuildFile; fileRef = 3698C2301946B0AB00BD42E3 /* P2Coffee.xcdatamodeld */; };
		3698C2341946B0AB00BD42E3 /* Images.xcassets in Resources */ = {isa = PBXBuildFile; fileRef = 3698C2331946B0AB00BD42E3 /* Images.xcassets */; };
		3698C23B1946B0AB00BD42E3 /* XCTest.framework in Frameworks */ = {isa = PBXBuildFile; fileRef = 3698C23A1946B0AB00BD42E3 /* XCTest.framework */; };
		3698C23C1946B0AB00BD42E3 /* Foundation.framework in Frameworks */ = {isa = PBXBuildFile; fileRef = 3698C21C1946B0AB00BD42E3 /* Foundation.framework */; };
		3698C23D1946B0AB00BD42E3 /* UIKit.framework in Frameworks */ = {isa = PBXBuildFile; fileRef = 3698C2201946B0AB00BD42E3 /* UIKit.framework */; };
		3698C23E1946B0AB00BD42E3 /* CoreData.framework in Frameworks */ = {isa = PBXBuildFile; fileRef = 3698C2221946B0AB00BD42E3 /* CoreData.framework */; };
		3698C2461946B0AB00BD42E3 /* InfoPlist.strings in Resources */ = {isa = PBXBuildFile; fileRef = 3698C2441946B0AB00BD42E3 /* InfoPlist.strings */; };
		3698C2481946B0AB00BD42E3 /* P2CoffeeTests.m in Sources */ = {isa = PBXBuildFile; fileRef = 3698C2471946B0AB00BD42E3 /* P2CoffeeTests.m */; };
		EA024A27194FE53E0032CF51 /* PFHistoryViewController.m in Sources */ = {isa = PBXBuildFile; fileRef = EA024A25194FE53E0032CF51 /* PFHistoryViewController.m */; };
		EA024A28194FE53E0032CF51 /* PFHistoryViewController_Wide.xib in Resources */ = {isa = PBXBuildFile; fileRef = EA024A26194FE53E0032CF51 /* PFHistoryViewController_Wide.xib */; };
		EA024A6D194FE9C60032CF51 /* PFContactCell.m in Sources */ = {isa = PBXBuildFile; fileRef = EA024A6B194FE9C60032CF51 /* PFContactCell.m */; };
		EA024A6E194FE9C60032CF51 /* PFContactCell.xib in Resources */ = {isa = PBXBuildFile; fileRef = EA024A6C194FE9C60032CF51 /* PFContactCell.xib */; };
		EA024A74194FEE4D0032CF51 /* PFMemberViewController.m in Sources */ = {isa = PBXBuildFile; fileRef = EA024A71194FEE4C0032CF51 /* PFMemberViewController.m */; };
		EA024A75194FEE4D0032CF51 /* PFMemberViewController_Wide.xib in Resources */ = {isa = PBXBuildFile; fileRef = EA024A72194FEE4C0032CF51 /* PFMemberViewController_Wide.xib */; };
		EA024A7D194FEF0A0032CF51 /* PFMenuViewController.m in Sources */ = {isa = PBXBuildFile; fileRef = EA024A7A194FEF0A0032CF51 /* PFMenuViewController.m */; };
		EA024A7E194FEF0A0032CF51 /* PFMenuViewController_Wide.xib in Resources */ = {isa = PBXBuildFile; fileRef = EA024A7B194FEF0A0032CF51 /* PFMenuViewController_Wide.xib */; };
		EA024A86194FEF8E0032CF51 /* PFUpdateViewController.m in Sources */ = {isa = PBXBuildFile; fileRef = EA024A84194FEF8E0032CF51 /* PFUpdateViewController.m */; };
		EA024A87194FEF8E0032CF51 /* PFUpdateViewController_Wide.xib in Resources */ = {isa = PBXBuildFile; fileRef = EA024A85194FEF8E0032CF51 /* PFUpdateViewController_Wide.xib */; };
		EA250F671947FEFE00202DB1 /* Notification_icon@2x.png in Resources */ = {isa = PBXBuildFile; fileRef = EA250F541947FEFE00202DB1 /* Notification_icon@2x.png */; };
		EA250F681947FEFE00202DB1 /* Setting_icon@2x.png in Resources */ = {isa = PBXBuildFile; fileRef = EA250F551947FEFE00202DB1 /* Setting_icon@2x.png */; };
		EA287CCD194AB46500FBBF4D /* default.jpeg in Resources */ = {isa = PBXBuildFile; fileRef = EA287CCC194AB46500FBBF4D /* default.jpeg */; };
		EA287CD7194AB63000FBBF4D /* Powered.png in Resources */ = {isa = PBXBuildFile; fileRef = EA287CD5194AB63000FBBF4D /* Powered.png */; };
		EA287CD8194AB63000FBBF4D /* Powered@2x.png in Resources */ = {isa = PBXBuildFile; fileRef = EA287CD6194AB63000FBBF4D /* Powered@2x.png */; };
		EA287CDD194AB70900FBBF4D /* PagedImageScrollView.m in Sources */ = {isa = PBXBuildFile; fileRef = EA287CDC194AB70900FBBF4D /* PagedImageScrollView.m */; };
		EA287CE1194AB7EC00FBBF4D /* AsyncImageView.m in Sources */ = {isa = PBXBuildFile; fileRef = EA287CE0194AB7EC00FBBF4D /* AsyncImageView.m */; };
		EAA575A71946D84C00001547 /* notificationView.xib in Resources */ = {isa = PBXBuildFile; fileRef = EAA575791946D84C00001547 /* notificationView.xib */; };
		EAA575A81946D84C00001547 /* PFCustomBadge.m in Sources */ = {isa = PBXBuildFile; fileRef = EAA5757B1946D84C00001547 /* PFCustomBadge.m */; };
		EAA575A91946D84C00001547 /* PFTabBarItemButton.m in Sources */ = {isa = PBXBuildFile; fileRef = EAA5757D1946D84C00001547 /* PFTabBarItemButton.m */; };
		EAA575AA1946D84C00001547 /* PFTabBarViewController.m in Sources */ = {isa = PBXBuildFile; fileRef = EAA5757F1946D84C00001547 /* PFTabBarViewController.m */; };
		EAEF1D74194EEB3700D72F51 /* contact_light.png in Resources */ = {isa = PBXBuildFile; fileRef = EAEF1D63194EEB3700D72F51 /* contact_light.png */; };
		EAEF1D75194EEB3700D72F51 /* contact_standby.png in Resources */ = {isa = PBXBuildFile; fileRef = EAEF1D64194EEB3700D72F51 /* contact_standby.png */; };
		EAEF1D76194EEB3700D72F51 /* member_light.png in Resources */ = {isa = PBXBuildFile; fileRef = EAEF1D65194EEB3700D72F51 /* member_light.png */; };
		EAEF1D77194EEB3700D72F51 /* member_standby.png in Resources */ = {isa = PBXBuildFile; fileRef = EAEF1D66194EEB3700D72F51 /* member_standby.png */; };
		EAEF1D78194EEB3700D72F51 /* menu_light.png in Resources */ = {isa = PBXBuildFile; fileRef = EAEF1D67194EEB3700D72F51 /* menu_light.png */; };
		EAEF1D79194EEB3700D72F51 /* menu_standby.png in Resources */ = {isa = PBXBuildFile; fileRef = EAEF1D68194EEB3700D72F51 /* menu_standby.png */; };
		EAEF1D7A194EEB3700D72F51 /* update_light.png in Resources */ = {isa = PBXBuildFile; fileRef = EAEF1D69194EEB3700D72F51 /* update_light.png */; };
		EAEF1D7B194EEB3700D72F51 /* update_standby.png in Resources */ = {isa = PBXBuildFile; fileRef = EAEF1D6A194EEB3700D72F51 /* update_standby.png */; };
		EAEF1D7C194EEB3700D72F51 /* contact_light@2x.png in Resources */ = {isa = PBXBuildFile; fileRef = EAEF1D6C194EEB3700D72F51 /* contact_light@2x.png */; };
		EAEF1D7D194EEB3700D72F51 /* contact_standby@2x.png in Resources */ = {isa = PBXBuildFile; fileRef = EAEF1D6D194EEB3700D72F51 /* contact_standby@2x.png */; };
		EAEF1D7E194EEB3700D72F51 /* member_light@2x.png in Resources */ = {isa = PBXBuildFile; fileRef = EAEF1D6E194EEB3700D72F51 /* member_light@2x.png */; };
		EAEF1D7F194EEB3700D72F51 /* member_standby@2x.png in Resources */ = {isa = PBXBuildFile; fileRef = EAEF1D6F194EEB3700D72F51 /* member_standby@2x.png */; };
		EAEF1D80194EEB3700D72F51 /* menu_light@2x.png in Resources */ = {isa = PBXBuildFile; fileRef = EAEF1D70194EEB3700D72F51 /* menu_light@2x.png */; };
		EAEF1D81194EEB3700D72F51 /* menu_standby@2x.png in Resources */ = {isa = PBXBuildFile; fileRef = EAEF1D71194EEB3700D72F51 /* menu_standby@2x.png */; };
		EAEF1D82194EEB3700D72F51 /* update_light@2x.png in Resources */ = {isa = PBXBuildFile; fileRef = EAEF1D72194EEB3700D72F51 /* update_light@2x.png */; };
		EAEF1D83194EEB3700D72F51 /* update_standby@2x.png in Resources */ = {isa = PBXBuildFile; fileRef = EAEF1D73194EEB3700D72F51 /* update_standby@2x.png */; };
		EAEF1DA3194EF89700D72F51 /* PFMapAllViewController.m in Sources */ = {isa = PBXBuildFile; fileRef = EAEF1DA1194EF89700D72F51 /* PFMapAllViewController.m */; };
		EAEF1DA4194EF89700D72F51 /* PFMapAllViewController_Wide.xib in Resources */ = {isa = PBXBuildFile; fileRef = EAEF1DA2194EF89700D72F51 /* PFMapAllViewController_Wide.xib */; };
		EAEF1DAC194EF90800D72F51 /* BBBadgeBarButtonItem.m in Sources */ = {isa = PBXBuildFile; fileRef = EAEF1DA7194EF90800D72F51 /* BBBadgeBarButtonItem.m */; };
		EAEF1DAD194EF90800D72F51 /* CMMapLauncher.m in Sources */ = {isa = PBXBuildFile; fileRef = EAEF1DA9194EF90800D72F51 /* CMMapLauncher.m */; };
		EAEF1DAE194EF90800D72F51 /* PFMapView.m in Sources */ = {isa = PBXBuildFile; fileRef = EAEF1DAB194EF90800D72F51 /* PFMapView.m */; };
		EAEF1DB2194EF94000D72F51 /* PFMapViewController.m in Sources */ = {isa = PBXBuildFile; fileRef = EAEF1DB0194EF94000D72F51 /* PFMapViewController.m */; };
		EAEF1DB3194EF94000D72F51 /* PFMapViewController_Wide.xib in Resources */ = {isa = PBXBuildFile; fileRef = EAEF1DB1194EF94000D72F51 /* PFMapViewController_Wide.xib */; };
		EAEF1DB9194EFB0200D72F51 /* PFContactViewController.m in Sources */ = {isa = PBXBuildFile; fileRef = EAEF1DB7194EFB0200D72F51 /* PFContactViewController.m */; };
		EAEF1DBA194EFB0200D72F51 /* PFContactViewController_Wide.xib in Resources */ = {isa = PBXBuildFile; fileRef = EAEF1DB8194EFB0200D72F51 /* PFContactViewController_Wide.xib */; };
		EAEF1DBE194EFB2F00D72F51 /* PFBranchViewController.m in Sources */ = {isa = PBXBuildFile; fileRef = EAEF1DBC194EFB2F00D72F51 /* PFBranchViewController.m */; };
		EAEF1DBF194EFB2F00D72F51 /* PFBranchViewController_Wide.xib in Resources */ = {isa = PBXBuildFile; fileRef = EAEF1DBD194EFB2F00D72F51 /* PFBranchViewController_Wide.xib */; };
/* End PBXBuildFile section */

/* Begin PBXContainerItemProxy section */
		3698C23F1946B0AB00BD42E3 /* PBXContainerItemProxy */ = {
			isa = PBXContainerItemProxy;
			containerPortal = 3698C2111946B0AB00BD42E3 /* Project object */;
			proxyType = 1;
			remoteGlobalIDString = 3698C2181946B0AB00BD42E3;
			remoteInfo = P2Coffee;
		};
/* End PBXContainerItemProxy section */

/* Begin PBXFileReference section */
		3698C2191946B0AB00BD42E3 /* P2Coffee.app */ = {isa = PBXFileReference; explicitFileType = wrapper.application; includeInIndex = 0; path = P2Coffee.app; sourceTree = BUILT_PRODUCTS_DIR; };
		3698C21C1946B0AB00BD42E3 /* Foundation.framework */ = {isa = PBXFileReference; lastKnownFileType = wrapper.framework; name = Foundation.framework; path = System/Library/Frameworks/Foundation.framework; sourceTree = SDKROOT; };
		3698C21E1946B0AB00BD42E3 /* CoreGraphics.framework */ = {isa = PBXFileReference; lastKnownFileType = wrapper.framework; name = CoreGraphics.framework; path = System/Library/Frameworks/CoreGraphics.framework; sourceTree = SDKROOT; };
		3698C2201946B0AB00BD42E3 /* UIKit.framework */ = {isa = PBXFileReference; lastKnownFileType = wrapper.framework; name = UIKit.framework; path = System/Library/Frameworks/UIKit.framework; sourceTree = SDKROOT; };
		3698C2221946B0AB00BD42E3 /* CoreData.framework */ = {isa = PBXFileReference; lastKnownFileType = wrapper.framework; name = CoreData.framework; path = System/Library/Frameworks/CoreData.framework; sourceTree = SDKROOT; };
		3698C2261946B0AB00BD42E3 /* P2Coffee-Info.plist */ = {isa = PBXFileReference; lastKnownFileType = text.plist.xml; path = "P2Coffee-Info.plist"; sourceTree = "<group>"; };
		3698C2281946B0AB00BD42E3 /* en */ = {isa = PBXFileReference; lastKnownFileType = text.plist.strings; name = en; path = en.lproj/InfoPlist.strings; sourceTree = "<group>"; };
		3698C22A1946B0AB00BD42E3 /* main.m */ = {isa = PBXFileReference; lastKnownFileType = sourcecode.c.objc; path = main.m; sourceTree = "<group>"; };
		3698C22C1946B0AB00BD42E3 /* P2Coffee-Prefix.pch */ = {isa = PBXFileReference; lastKnownFileType = sourcecode.c.h; path = "P2Coffee-Prefix.pch"; sourceTree = "<group>"; };
		3698C22D1946B0AB00BD42E3 /* PFAppDelegate.h */ = {isa = PBXFileReference; lastKnownFileType = sourcecode.c.h; path = PFAppDelegate.h; sourceTree = "<group>"; };
		3698C22E1946B0AB00BD42E3 /* PFAppDelegate.m */ = {isa = PBXFileReference; lastKnownFileType = sourcecode.c.objc; path = PFAppDelegate.m; sourceTree = "<group>"; };
		3698C2311946B0AB00BD42E3 /* P2Coffee.xcdatamodel */ = {isa = PBXFileReference; lastKnownFileType = wrapper.xcdatamodel; path = P2Coffee.xcdatamodel; sourceTree = "<group>"; };
		3698C2331946B0AB00BD42E3 /* Images.xcassets */ = {isa = PBXFileReference; lastKnownFileType = folder.assetcatalog; path = Images.xcassets; sourceTree = "<group>"; };
		3698C2391946B0AB00BD42E3 /* P2CoffeeTests.xctest */ = {isa = PBXFileReference; explicitFileType = wrapper.cfbundle; includeInIndex = 0; path = P2CoffeeTests.xctest; sourceTree = BUILT_PRODUCTS_DIR; };
		3698C23A1946B0AB00BD42E3 /* XCTest.framework */ = {isa = PBXFileReference; lastKnownFileType = wrapper.framework; name = XCTest.framework; path = Library/Frameworks/XCTest.framework; sourceTree = DEVELOPER_DIR; };
		3698C2431946B0AB00BD42E3 /* P2CoffeeTests-Info.plist */ = {isa = PBXFileReference; lastKnownFileType = text.plist.xml; path = "P2CoffeeTests-Info.plist"; sourceTree = "<group>"; };
		3698C2451946B0AB00BD42E3 /* en */ = {isa = PBXFileReference; lastKnownFileType = text.plist.strings; name = en; path = en.lproj/InfoPlist.strings; sourceTree = "<group>"; };
		3698C2471946B0AB00BD42E3 /* P2CoffeeTests.m */ = {isa = PBXFileReference; lastKnownFileType = sourcecode.c.objc; path = P2CoffeeTests.m; sourceTree = "<group>"; };
		EA024A24194FE53E0032CF51 /* PFHistoryViewController.h */ = {isa = PBXFileReference; fileEncoding = 4; lastKnownFileType = sourcecode.c.h; path = PFHistoryViewController.h; sourceTree = "<group>"; };
		EA024A25194FE53E0032CF51 /* PFHistoryViewController.m */ = {isa = PBXFileReference; fileEncoding = 4; lastKnownFileType = sourcecode.c.objc; path = PFHistoryViewController.m; sourceTree = "<group>"; };
		EA024A26194FE53E0032CF51 /* PFHistoryViewController_Wide.xib */ = {isa = PBXFileReference; fileEncoding = 4; lastKnownFileType = file.xib; path = PFHistoryViewController_Wide.xib; sourceTree = "<group>"; };
		EA024A6A194FE9C60032CF51 /* PFContactCell.h */ = {isa = PBXFileReference; fileEncoding = 4; lastKnownFileType = sourcecode.c.h; path = PFContactCell.h; sourceTree = "<group>"; };
		EA024A6B194FE9C60032CF51 /* PFContactCell.m */ = {isa = PBXFileReference; fileEncoding = 4; lastKnownFileType = sourcecode.c.objc; path = PFContactCell.m; sourceTree = "<group>"; };
		EA024A6C194FE9C60032CF51 /* PFContactCell.xib */ = {isa = PBXFileReference; fileEncoding = 4; lastKnownFileType = file.xib; path = PFContactCell.xib; sourceTree = "<group>"; };
		EA024A70194FEE4C0032CF51 /* PFMemberViewController.h */ = {isa = PBXFileReference; fileEncoding = 4; lastKnownFileType = sourcecode.c.h; path = PFMemberViewController.h; sourceTree = "<group>"; };
		EA024A71194FEE4C0032CF51 /* PFMemberViewController.m */ = {isa = PBXFileReference; fileEncoding = 4; lastKnownFileType = sourcecode.c.objc; path = PFMemberViewController.m; sourceTree = "<group>"; };
		EA024A72194FEE4C0032CF51 /* PFMemberViewController_Wide.xib */ = {isa = PBXFileReference; fileEncoding = 4; lastKnownFileType = file.xib; path = PFMemberViewController_Wide.xib; sourceTree = "<group>"; };
		EA024A79194FEF0A0032CF51 /* PFMenuViewController.h */ = {isa = PBXFileReference; fileEncoding = 4; lastKnownFileType = sourcecode.c.h; path = PFMenuViewController.h; sourceTree = "<group>"; };
		EA024A7A194FEF0A0032CF51 /* PFMenuViewController.m */ = {isa = PBXFileReference; fileEncoding = 4; lastKnownFileType = sourcecode.c.objc; path = PFMenuViewController.m; sourceTree = "<group>"; };
		EA024A7B194FEF0A0032CF51 /* PFMenuViewController_Wide.xib */ = {isa = PBXFileReference; fileEncoding = 4; lastKnownFileType = file.xib; path = PFMenuViewController_Wide.xib; sourceTree = "<group>"; };
		EA024A83194FEF8E0032CF51 /* PFUpdateViewController.h */ = {isa = PBXFileReference; fileEncoding = 4; lastKnownFileType = sourcecode.c.h; path = PFUpdateViewController.h; sourceTree = "<group>"; };
		EA024A84194FEF8E0032CF51 /* PFUpdateViewController.m */ = {isa = PBXFileReference; fileEncoding = 4; lastKnownFileType = sourcecode.c.objc; path = PFUpdateViewController.m; sourceTree = "<group>"; };
		EA024A85194FEF8E0032CF51 /* PFUpdateViewController_Wide.xib */ = {isa = PBXFileReference; fileEncoding = 4; lastKnownFileType = file.xib; path = PFUpdateViewController_Wide.xib; sourceTree = "<group>"; };
		EA250F541947FEFE00202DB1 /* Notification_icon@2x.png */ = {isa = PBXFileReference; lastKnownFileType = image.png; path = "Notification_icon@2x.png"; sourceTree = "<group>"; };
		EA250F551947FEFE00202DB1 /* Setting_icon@2x.png */ = {isa = PBXFileReference; lastKnownFileType = image.png; path = "Setting_icon@2x.png"; sourceTree = "<group>"; };
		EA287CCC194AB46500FBBF4D /* default.jpeg */ = {isa = PBXFileReference; lastKnownFileType = image.jpeg; path = default.jpeg; sourceTree = "<group>"; };
		EA287CD5194AB63000FBBF4D /* Powered.png */ = {isa = PBXFileReference; lastKnownFileType = image.png; path = Powered.png; sourceTree = "<group>"; };
		EA287CD6194AB63000FBBF4D /* Powered@2x.png */ = {isa = PBXFileReference; lastKnownFileType = image.png; path = "Powered@2x.png"; sourceTree = "<group>"; };
		EA287CDB194AB70900FBBF4D /* PagedImageScrollView.h */ = {isa = PBXFileReference; fileEncoding = 4; lastKnownFileType = sourcecode.c.h; path = PagedImageScrollView.h; sourceTree = "<group>"; };
		EA287CDC194AB70900FBBF4D /* PagedImageScrollView.m */ = {isa = PBXFileReference; fileEncoding = 4; lastKnownFileType = sourcecode.c.objc; path = PagedImageScrollView.m; sourceTree = "<group>"; };
		EA287CDF194AB7EC00FBBF4D /* AsyncImageView.h */ = {isa = PBXFileReference; fileEncoding = 4; lastKnownFileType = sourcecode.c.h; path = AsyncImageView.h; sourceTree = "<group>"; };
		EA287CE0194AB7EC00FBBF4D /* AsyncImageView.m */ = {isa = PBXFileReference; fileEncoding = 4; lastKnownFileType = sourcecode.c.objc; path = AsyncImageView.m; sourceTree = "<group>"; };
		EAA575791946D84C00001547 /* notificationView.xib */ = {isa = PBXFileReference; fileEncoding = 4; lastKnownFileType = file.xib; path = notificationView.xib; sourceTree = "<group>"; };
		EAA5757A1946D84C00001547 /* PFCustomBadge.h */ = {isa = PBXFileReference; fileEncoding = 4; lastKnownFileType = sourcecode.c.h; path = PFCustomBadge.h; sourceTree = "<group>"; };
		EAA5757B1946D84C00001547 /* PFCustomBadge.m */ = {isa = PBXFileReference; fileEncoding = 4; lastKnownFileType = sourcecode.c.objc; path = PFCustomBadge.m; sourceTree = "<group>"; };
		EAA5757C1946D84C00001547 /* PFTabBarItemButton.h */ = {isa = PBXFileReference; fileEncoding = 4; lastKnownFileType = sourcecode.c.h; path = PFTabBarItemButton.h; sourceTree = "<group>"; };
		EAA5757D1946D84C00001547 /* PFTabBarItemButton.m */ = {isa = PBXFileReference; fileEncoding = 4; lastKnownFileType = sourcecode.c.objc; path = PFTabBarItemButton.m; sourceTree = "<group>"; };
		EAA5757E1946D84C00001547 /* PFTabBarViewController.h */ = {isa = PBXFileReference; fileEncoding = 4; lastKnownFileType = sourcecode.c.h; path = PFTabBarViewController.h; sourceTree = "<group>"; };
		EAA5757F1946D84C00001547 /* PFTabBarViewController.m */ = {isa = PBXFileReference; fileEncoding = 4; lastKnownFileType = sourcecode.c.objc; path = PFTabBarViewController.m; sourceTree = "<group>"; };
		EAEF1D63194EEB3700D72F51 /* contact_light.png */ = {isa = PBXFileReference; lastKnownFileType = image.png; path = contact_light.png; sourceTree = "<group>"; };
		EAEF1D64194EEB3700D72F51 /* contact_standby.png */ = {isa = PBXFileReference; lastKnownFileType = image.png; path = contact_standby.png; sourceTree = "<group>"; };
		EAEF1D65194EEB3700D72F51 /* member_light.png */ = {isa = PBXFileReference; lastKnownFileType = image.png; path = member_light.png; sourceTree = "<group>"; };
		EAEF1D66194EEB3700D72F51 /* member_standby.png */ = {isa = PBXFileReference; lastKnownFileType = image.png; path = member_standby.png; sourceTree = "<group>"; };
		EAEF1D67194EEB3700D72F51 /* menu_light.png */ = {isa = PBXFileReference; lastKnownFileType = image.png; path = menu_light.png; sourceTree = "<group>"; };
		EAEF1D68194EEB3700D72F51 /* menu_standby.png */ = {isa = PBXFileReference; lastKnownFileType = image.png; path = menu_standby.png; sourceTree = "<group>"; };
		EAEF1D69194EEB3700D72F51 /* update_light.png */ = {isa = PBXFileReference; lastKnownFileType = image.png; path = update_light.png; sourceTree = "<group>"; };
		EAEF1D6A194EEB3700D72F51 /* update_standby.png */ = {isa = PBXFileReference; lastKnownFileType = image.png; path = update_standby.png; sourceTree = "<group>"; };
		EAEF1D6C194EEB3700D72F51 /* contact_light@2x.png */ = {isa = PBXFileReference; lastKnownFileType = image.png; path = "contact_light@2x.png"; sourceTree = "<group>"; };
		EAEF1D6D194EEB3700D72F51 /* contact_standby@2x.png */ = {isa = PBXFileReference; lastKnownFileType = image.png; path = "contact_standby@2x.png"; sourceTree = "<group>"; };
		EAEF1D6E194EEB3700D72F51 /* member_light@2x.png */ = {isa = PBXFileReference; lastKnownFileType = image.png; path = "member_light@2x.png"; sourceTree = "<group>"; };
		EAEF1D6F194EEB3700D72F51 /* member_standby@2x.png */ = {isa = PBXFileReference; lastKnownFileType = image.png; path = "member_standby@2x.png"; sourceTree = "<group>"; };
		EAEF1D70194EEB3700D72F51 /* menu_light@2x.png */ = {isa = PBXFileReference; lastKnownFileType = image.png; path = "menu_light@2x.png"; sourceTree = "<group>"; };
		EAEF1D71194EEB3700D72F51 /* menu_standby@2x.png */ = {isa = PBXFileReference; lastKnownFileType = image.png; path = "menu_standby@2x.png"; sourceTree = "<group>"; };
		EAEF1D72194EEB3700D72F51 /* update_light@2x.png */ = {isa = PBXFileReference; lastKnownFileType = image.png; path = "update_light@2x.png"; sourceTree = "<group>"; };
		EAEF1D73194EEB3700D72F51 /* update_standby@2x.png */ = {isa = PBXFileReference; lastKnownFileType = image.png; path = "update_standby@2x.png"; sourceTree = "<group>"; };
		EAEF1DA0194EF89700D72F51 /* PFMapAllViewController.h */ = {isa = PBXFileReference; fileEncoding = 4; lastKnownFileType = sourcecode.c.h; path = PFMapAllViewController.h; sourceTree = "<group>"; };
		EAEF1DA1194EF89700D72F51 /* PFMapAllViewController.m */ = {isa = PBXFileReference; fileEncoding = 4; lastKnownFileType = sourcecode.c.objc; path = PFMapAllViewController.m; sourceTree = "<group>"; };
		EAEF1DA2194EF89700D72F51 /* PFMapAllViewController_Wide.xib */ = {isa = PBXFileReference; fileEncoding = 4; lastKnownFileType = file.xib; path = PFMapAllViewController_Wide.xib; sourceTree = "<group>"; };
		EAEF1DA6194EF90800D72F51 /* BBBadgeBarButtonItem.h */ = {isa = PBXFileReference; fileEncoding = 4; lastKnownFileType = sourcecode.c.h; path = BBBadgeBarButtonItem.h; sourceTree = "<group>"; };
		EAEF1DA7194EF90800D72F51 /* BBBadgeBarButtonItem.m */ = {isa = PBXFileReference; fileEncoding = 4; lastKnownFileType = sourcecode.c.objc; path = BBBadgeBarButtonItem.m; sourceTree = "<group>"; };
		EAEF1DA8194EF90800D72F51 /* CMMapLauncher.h */ = {isa = PBXFileReference; fileEncoding = 4; lastKnownFileType = sourcecode.c.h; path = CMMapLauncher.h; sourceTree = "<group>"; };
		EAEF1DA9194EF90800D72F51 /* CMMapLauncher.m */ = {isa = PBXFileReference; fileEncoding = 4; lastKnownFileType = sourcecode.c.objc; path = CMMapLauncher.m; sourceTree = "<group>"; };
		EAEF1DAA194EF90800D72F51 /* PFMapView.h */ = {isa = PBXFileReference; fileEncoding = 4; lastKnownFileType = sourcecode.c.h; path = PFMapView.h; sourceTree = "<group>"; };
		EAEF1DAB194EF90800D72F51 /* PFMapView.m */ = {isa = PBXFileReference; fileEncoding = 4; lastKnownFileType = sourcecode.c.objc; path = PFMapView.m; sourceTree = "<group>"; };
		EAEF1DAF194EF94000D72F51 /* PFMapViewController.h */ = {isa = PBXFileReference; fileEncoding = 4; lastKnownFileType = sourcecode.c.h; path = PFMapViewController.h; sourceTree = "<group>"; };
		EAEF1DB0194EF94000D72F51 /* PFMapViewController.m */ = {isa = PBXFileReference; fileEncoding = 4; lastKnownFileType = sourcecode.c.objc; path = PFMapViewController.m; sourceTree = "<group>"; };
		EAEF1DB1194EF94000D72F51 /* PFMapViewController_Wide.xib */ = {isa = PBXFileReference; fileEncoding = 4; lastKnownFileType = file.xib; path = PFMapViewController_Wide.xib; sourceTree = "<group>"; };
		EAEF1DB6194EFB0200D72F51 /* PFContactViewController.h */ = {isa = PBXFileReference; fileEncoding = 4; lastKnownFileType = sourcecode.c.h; path = PFContactViewController.h; sourceTree = "<group>"; };
		EAEF1DB7194EFB0200D72F51 /* PFContactViewController.m */ = {isa = PBXFileReference; fileEncoding = 4; lastKnownFileType = sourcecode.c.objc; path = PFContactViewController.m; sourceTree = "<group>"; };
		EAEF1DB8194EFB0200D72F51 /* PFContactViewController_Wide.xib */ = {isa = PBXFileReference; fileEncoding = 4; lastKnownFileType = file.xib; path = PFContactViewController_Wide.xib; sourceTree = "<group>"; };
		EAEF1DBB194EFB2F00D72F51 /* PFBranchViewController.h */ = {isa = PBXFileReference; fileEncoding = 4; lastKnownFileType = sourcecode.c.h; path = PFBranchViewController.h; sourceTree = "<group>"; };
		EAEF1DBC194EFB2F00D72F51 /* PFBranchViewController.m */ = {isa = PBXFileReference; fileEncoding = 4; lastKnownFileType = sourcecode.c.objc; path = PFBranchViewController.m; sourceTree = "<group>"; };
		EAEF1DBD194EFB2F00D72F51 /* PFBranchViewController_Wide.xib */ = {isa = PBXFileReference; fileEncoding = 4; lastKnownFileType = file.xib; path = PFBranchViewController_Wide.xib; sourceTree = "<group>"; };
/* End PBXFileReference section */

/* Begin PBXFrameworksBuildPhase section */
		3698C2161946B0AB00BD42E3 /* Frameworks */ = {
			isa = PBXFrameworksBuildPhase;
			buildActionMask = 2147483647;
			files = (
				3698C21F1946B0AB00BD42E3 /* CoreGraphics.framework in Frameworks */,
				3698C2231946B0AB00BD42E3 /* CoreData.framework in Frameworks */,
				3698C2211946B0AB00BD42E3 /* UIKit.framework in Frameworks */,
				3698C21D1946B0AB00BD42E3 /* Foundation.framework in Frameworks */,
			);
			runOnlyForDeploymentPostprocessing = 0;
		};
		3698C2361946B0AB00BD42E3 /* Frameworks */ = {
			isa = PBXFrameworksBuildPhase;
			buildActionMask = 2147483647;
			files = (
				3698C23B1946B0AB00BD42E3 /* XCTest.framework in Frameworks */,
				3698C23E1946B0AB00BD42E3 /* CoreData.framework in Frameworks */,
				3698C23D1946B0AB00BD42E3 /* UIKit.framework in Frameworks */,
				3698C23C1946B0AB00BD42E3 /* Foundation.framework in Frameworks */,
			);
			runOnlyForDeploymentPostprocessing = 0;
		};
/* End PBXFrameworksBuildPhase section */

/* Begin PBXGroup section */
		3698C2101946B0AB00BD42E3 = {
			isa = PBXGroup;
			children = (
				3698C2241946B0AB00BD42E3 /* P2Coffee */,
				3698C2411946B0AB00BD42E3 /* P2CoffeeTests */,
				3698C21B1946B0AB00BD42E3 /* Frameworks */,
				3698C21A1946B0AB00BD42E3 /* Products */,
			);
			sourceTree = "<group>";
		};
		3698C21A1946B0AB00BD42E3 /* Products */ = {
			isa = PBXGroup;
			children = (
				3698C2191946B0AB00BD42E3 /* P2Coffee.app */,
				3698C2391946B0AB00BD42E3 /* P2CoffeeTests.xctest */,
			);
			name = Products;
			sourceTree = "<group>";
		};
		3698C21B1946B0AB00BD42E3 /* Frameworks */ = {
			isa = PBXGroup;
			children = (
				3698C21C1946B0AB00BD42E3 /* Foundation.framework */,
				3698C21E1946B0AB00BD42E3 /* CoreGraphics.framework */,
				3698C2201946B0AB00BD42E3 /* UIKit.framework */,
				3698C2221946B0AB00BD42E3 /* CoreData.framework */,
				3698C23A1946B0AB00BD42E3 /* XCTest.framework */,
			);
			name = Frameworks;
			sourceTree = "<group>";
		};
		3698C2241946B0AB00BD42E3 /* P2Coffee */ = {
			isa = PBXGroup;
			children = (
				EA287CD9194AB70900FBBF4D /* Ext */,
				EAA575781946D84C00001547 /* Class */,
				EAA575801946D84C00001547 /* ImagesTab */,
				EAA575961946D84C00001547 /* ViewController */,
				3698C22D1946B0AB00BD42E3 /* PFAppDelegate.h */,
				3698C22E1946B0AB00BD42E3 /* PFAppDelegate.m */,
				3698C2331946B0AB00BD42E3 /* Images.xcassets */,
				3698C2301946B0AB00BD42E3 /* P2Coffee.xcdatamodeld */,
				3698C2251946B0AB00BD42E3 /* Supporting Files */,
			);
			path = P2Coffee;
			sourceTree = "<group>";
		};
		3698C2251946B0AB00BD42E3 /* Supporting Files */ = {
			isa = PBXGroup;
			children = (
				3698C2261946B0AB00BD42E3 /* P2Coffee-Info.plist */,
				3698C2271946B0AB00BD42E3 /* InfoPlist.strings */,
				3698C22A1946B0AB00BD42E3 /* main.m */,
				3698C22C1946B0AB00BD42E3 /* P2Coffee-Prefix.pch */,
			);
			name = "Supporting Files";
			sourceTree = "<group>";
		};
		3698C2411946B0AB00BD42E3 /* P2CoffeeTests */ = {
			isa = PBXGroup;
			children = (
				3698C2471946B0AB00BD42E3 /* P2CoffeeTests.m */,
				3698C2421946B0AB00BD42E3 /* Supporting Files */,
			);
			path = P2CoffeeTests;
			sourceTree = "<group>";
		};
		3698C2421946B0AB00BD42E3 /* Supporting Files */ = {
			isa = PBXGroup;
			children = (
				3698C2431946B0AB00BD42E3 /* P2CoffeeTests-Info.plist */,
				3698C2441946B0AB00BD42E3 /* InfoPlist.strings */,
			);
			name = "Supporting Files";
			sourceTree = "<group>";
		};
		EA024A23194FE52A0032CF51 /* History */ = {
			isa = PBXGroup;
			children = (
				EA024A24194FE53E0032CF51 /* PFHistoryViewController.h */,
				EA024A25194FE53E0032CF51 /* PFHistoryViewController.m */,
				EA024A26194FE53E0032CF51 /* PFHistoryViewController_Wide.xib */,
			);
			path = History;
			sourceTree = "<group>";
		};
		EA024A6F194FEE4C0032CF51 /* Member */ = {
			isa = PBXGroup;
			children = (
				EA024A70194FEE4C0032CF51 /* PFMemberViewController.h */,
				EA024A71194FEE4C0032CF51 /* PFMemberViewController.m */,
				EA024A72194FEE4C0032CF51 /* PFMemberViewController_Wide.xib */,
			);
			path = Member;
			sourceTree = "<group>";
		};
		EA024A73194FEE4D0032CF51 /* Stamp */ = {
			isa = PBXGroup;
			children = (
			);
			path = Stamp;
			sourceTree = "<group>";
		};
		EA024A76194FEE780032CF51 /* Images */ = {
			isa = PBXGroup;
			children = (
			);
			path = Images;
			sourceTree = "<group>";
		};
		EA024A77194FEF0A0032CF51 /* Gallery */ = {
			isa = PBXGroup;
			children = (
			);
			path = Gallery;
			sourceTree = "<group>";
		};
		EA024A78194FEF0A0032CF51 /* Menu */ = {
			isa = PBXGroup;
			children = (
				EA024A79194FEF0A0032CF51 /* PFMenuViewController.h */,
				EA024A7A194FEF0A0032CF51 /* PFMenuViewController.m */,
				EA024A7B194FEF0A0032CF51 /* PFMenuViewController_Wide.xib */,
			);
			path = Menu;
			sourceTree = "<group>";
		};
		EA024A7C194FEF0A0032CF51 /* Order */ = {
			isa = PBXGroup;
			children = (
			);
			path = Order;
			sourceTree = "<group>";
		};
		EA024A7F194FEF8E0032CF51 /* Account */ = {
			isa = PBXGroup;
			children = (
			);
			path = Account;
			sourceTree = "<group>";
		};
		EA024A80194FEF8E0032CF51 /* Detail */ = {
			isa = PBXGroup;
			children = (
			);
			path = Detail;
			sourceTree = "<group>";
		};
		EA024A81194FEF8E0032CF51 /* Notification */ = {
			isa = PBXGroup;
			children = (
			);
			path = Notification;
			sourceTree = "<group>";
		};
		EA024A82194FEF8E0032CF51 /* Update */ = {
			isa = PBXGroup;
			children = (
				EA024A83194FEF8E0032CF51 /* PFUpdateViewController.h */,
				EA024A84194FEF8E0032CF51 /* PFUpdateViewController.m */,
				EA024A85194FEF8E0032CF51 /* PFUpdateViewController_Wide.xib */,
			);
			path = Update;
			sourceTree = "<group>";
		};
		EA287CCB194AB46500FBBF4D /* Images */ = {
			isa = PBXGroup;
			children = (
				EA287CCC194AB46500FBBF4D /* default.jpeg */,
			);
			path = Images;
			sourceTree = "<group>";
		};
		EA287CCE194AB49B00FBBF4D /* Contact */ = {
			isa = PBXGroup;
			children = (
				EA287CD4194AB63000FBBF4D /* Images */,
				EAEF1DB5194EFB0200D72F51 /* Contact */,
				EAEF1DB4194EFB0200D72F51 /* Branch */,
				EAEF1D9F194EF88400D72F51 /* Map */,
			);
			path = Contact;
			sourceTree = "<group>";
		};
		EA287CD4194AB63000FBBF4D /* Images */ = {
			isa = PBXGroup;
			children = (
				EA287CD5194AB63000FBBF4D /* Powered.png */,
				EA287CD6194AB63000FBBF4D /* Powered@2x.png */,
			);
			path = Images;
			sourceTree = "<group>";
		};
		EA287CD9194AB70900FBBF4D /* Ext */ = {
			isa = PBXGroup;
			children = (
				EA287CDE194AB7EC00FBBF4D /* AsyncImageView */,
				EAEF1DA5194EF90800D72F51 /* Other */,
				EA287CDA194AB70900FBBF4D /* PagedImageScrollView */,
			);
			path = Ext;
			sourceTree = SOURCE_ROOT;
		};
		EA287CDA194AB70900FBBF4D /* PagedImageScrollView */ = {
			isa = PBXGroup;
			children = (
				EA287CDB194AB70900FBBF4D /* PagedImageScrollView.h */,
				EA287CDC194AB70900FBBF4D /* PagedImageScrollView.m */,
			);
			path = PagedImageScrollView;
			sourceTree = "<group>";
		};
		EA287CDE194AB7EC00FBBF4D /* AsyncImageView */ = {
			isa = PBXGroup;
			children = (
				EA287CDF194AB7EC00FBBF4D /* AsyncImageView.h */,
				EA287CE0194AB7EC00FBBF4D /* AsyncImageView.m */,
			);
			path = AsyncImageView;
			sourceTree = "<group>";
		};
		EAA575781946D84C00001547 /* Class */ = {
			isa = PBXGroup;
			children = (
				EAA575791946D84C00001547 /* notificationView.xib */,
				EAA5757A1946D84C00001547 /* PFCustomBadge.h */,
				EAA5757B1946D84C00001547 /* PFCustomBadge.m */,
				EAA5757C1946D84C00001547 /* PFTabBarItemButton.h */,
				EAA5757D1946D84C00001547 /* PFTabBarItemButton.m */,
				EAA5757E1946D84C00001547 /* PFTabBarViewController.h */,
				EAA5757F1946D84C00001547 /* PFTabBarViewController.m */,
			);
			path = Class;
			sourceTree = SOURCE_ROOT;
		};
		EAA575801946D84C00001547 /* ImagesTab */ = {
			isa = PBXGroup;
			children = (
				EAEF1D62194EEB3700D72F51 /* ip4 */,
				EAEF1D6B194EEB3700D72F51 /* ip5 */,
				EA250F541947FEFE00202DB1 /* Notification_icon@2x.png */,
				EA250F551947FEFE00202DB1 /* Setting_icon@2x.png */,
			);
			path = ImagesTab;
			sourceTree = SOURCE_ROOT;
		};
		EAA575961946D84C00001547 /* ViewController */ = {
			isa = PBXGroup;
			children = (
				EA287CCB194AB46500FBBF4D /* Images */,
				EAEF1D99194EF71400D72F51 /* Update */,
				EAEF1D89194EF61400D72F51 /* Menu */,
				EAEF1D57194EE93500D72F51 /* Member */,
				EA287CCE194AB49B00FBBF4D /* Contact */,
			);
			path = ViewController;
			sourceTree = SOURCE_ROOT;
		};
		EAEF1D57194EE93500D72F51 /* Member */ = {
			isa = PBXGroup;
			children = (
				EA024A76194FEE780032CF51 /* Images */,
				EA024A6F194FEE4C0032CF51 /* Member */,
				EA024A23194FE52A0032CF51 /* History */,
				EA024A73194FEE4D0032CF51 /* Stamp */,
			);
			path = Member;
			sourceTree = "<group>";
		};
		EAEF1D62194EEB3700D72F51 /* ip4 */ = {
			isa = PBXGroup;
			children = (
				EAEF1D63194EEB3700D72F51 /* contact_light.png */,
				EAEF1D64194EEB3700D72F51 /* contact_standby.png */,
				EAEF1D65194EEB3700D72F51 /* member_light.png */,
				EAEF1D66194EEB3700D72F51 /* member_standby.png */,
				EAEF1D67194EEB3700D72F51 /* menu_light.png */,
				EAEF1D68194EEB3700D72F51 /* menu_standby.png */,
				EAEF1D69194EEB3700D72F51 /* update_light.png */,
				EAEF1D6A194EEB3700D72F51 /* update_standby.png */,
			);
			path = ip4;
			sourceTree = "<group>";
		};
		EAEF1D6B194EEB3700D72F51 /* ip5 */ = {
			isa = PBXGroup;
			children = (
				EAEF1D6C194EEB3700D72F51 /* contact_light@2x.png */,
				EAEF1D6D194EEB3700D72F51 /* contact_standby@2x.png */,
				EAEF1D6E194EEB3700D72F51 /* member_light@2x.png */,
				EAEF1D6F194EEB3700D72F51 /* member_standby@2x.png */,
				EAEF1D70194EEB3700D72F51 /* menu_light@2x.png */,
				EAEF1D71194EEB3700D72F51 /* menu_standby@2x.png */,
				EAEF1D72194EEB3700D72F51 /* update_light@2x.png */,
				EAEF1D73194EEB3700D72F51 /* update_standby@2x.png */,
			);
			path = ip5;
			sourceTree = "<group>";
		};
		EAEF1D89194EF61400D72F51 /* Menu */ = {
			isa = PBXGroup;
			children = (
				EA024A78194FEF0A0032CF51 /* Menu */,
				EA024A77194FEF0A0032CF51 /* Gallery */,
				EA024A7C194FEF0A0032CF51 /* Order */,
			);
			path = Menu;
			sourceTree = "<group>";
		};
		EAEF1D99194EF71400D72F51 /* Update */ = {
			isa = PBXGroup;
			children = (
				EA024A82194FEF8E0032CF51 /* Update */,
				EA024A80194FEF8E0032CF51 /* Detail */,
				EA024A7F194FEF8E0032CF51 /* Account */,
				EA024A81194FEF8E0032CF51 /* Notification */,
			);
			path = Update;
			sourceTree = "<group>";
		};
		EAEF1D9F194EF88400D72F51 /* Map */ = {
			isa = PBXGroup;
			children = (
				EAEF1DA0194EF89700D72F51 /* PFMapAllViewController.h */,
				EAEF1DA1194EF89700D72F51 /* PFMapAllViewController.m */,
				EAEF1DA2194EF89700D72F51 /* PFMapAllViewController_Wide.xib */,
				EAEF1DAF194EF94000D72F51 /* PFMapViewController.h */,
				EAEF1DB0194EF94000D72F51 /* PFMapViewController.m */,
				EAEF1DB1194EF94000D72F51 /* PFMapViewController_Wide.xib */,
			);
			path = Map;
			sourceTree = "<group>";
		};
		EAEF1DA5194EF90800D72F51 /* Other */ = {
			isa = PBXGroup;
			children = (
				EAEF1DA6194EF90800D72F51 /* BBBadgeBarButtonItem.h */,
				EAEF1DA7194EF90800D72F51 /* BBBadgeBarButtonItem.m */,
				EAEF1DA8194EF90800D72F51 /* CMMapLauncher.h */,
				EAEF1DA9194EF90800D72F51 /* CMMapLauncher.m */,
				EAEF1DAA194EF90800D72F51 /* PFMapView.h */,
				EAEF1DAB194EF90800D72F51 /* PFMapView.m */,
			);
			path = Other;
			sourceTree = "<group>";
		};
		EAEF1DB4194EFB0200D72F51 /* Branch */ = {
			isa = PBXGroup;
			children = (
				EAEF1DBB194EFB2F00D72F51 /* PFBranchViewController.h */,
				EAEF1DBC194EFB2F00D72F51 /* PFBranchViewController.m */,
				EAEF1DBD194EFB2F00D72F51 /* PFBranchViewController_Wide.xib */,
			);
			path = Branch;
			sourceTree = "<group>";
		};
		EAEF1DB5194EFB0200D72F51 /* Contact */ = {
			isa = PBXGroup;
			children = (
				EAEF1DB6194EFB0200D72F51 /* PFContactViewController.h */,
				EAEF1DB7194EFB0200D72F51 /* PFContactViewController.m */,
				EAEF1DB8194EFB0200D72F51 /* PFContactViewController_Wide.xib */,
				EA024A6A194FE9C60032CF51 /* PFContactCell.h */,
				EA024A6B194FE9C60032CF51 /* PFContactCell.m */,
				EA024A6C194FE9C60032CF51 /* PFContactCell.xib */,
			);
			path = Contact;
			sourceTree = "<group>";
		};
/* End PBXGroup section */

/* Begin PBXNativeTarget section */
		3698C2181946B0AB00BD42E3 /* P2Coffee */ = {
			isa = PBXNativeTarget;
			buildConfigurationList = 3698C24B1946B0AB00BD42E3 /* Build configuration list for PBXNativeTarget "P2Coffee" */;
			buildPhases = (
				3698C2151946B0AB00BD42E3 /* Sources */,
				3698C2161946B0AB00BD42E3 /* Frameworks */,
				3698C2171946B0AB00BD42E3 /* Resources */,
			);
			buildRules = (
			);
			dependencies = (
			);
			name = P2Coffee;
			productName = P2Coffee;
			productReference = 3698C2191946B0AB00BD42E3 /* P2Coffee.app */;
			productType = "com.apple.product-type.application";
		};
		3698C2381946B0AB00BD42E3 /* P2CoffeeTests */ = {
			isa = PBXNativeTarget;
			buildConfigurationList = 3698C24E1946B0AB00BD42E3 /* Build configuration list for PBXNativeTarget "P2CoffeeTests" */;
			buildPhases = (
				3698C2351946B0AB00BD42E3 /* Sources */,
				3698C2361946B0AB00BD42E3 /* Frameworks */,
				3698C2371946B0AB00BD42E3 /* Resources */,
			);
			buildRules = (
			);
			dependencies = (
				3698C2401946B0AB00BD42E3 /* PBXTargetDependency */,
			);
			name = P2CoffeeTests;
			productName = P2CoffeeTests;
			productReference = 3698C2391946B0AB00BD42E3 /* P2CoffeeTests.xctest */;
			productType = "com.apple.product-type.bundle.unit-test";
		};
/* End PBXNativeTarget section */

/* Begin PBXProject section */
		3698C2111946B0AB00BD42E3 /* Project object */ = {
			isa = PBXProject;
			attributes = {
				CLASSPREFIX = PF;
				LastUpgradeCheck = 0510;
				ORGANIZATIONNAME = "Platwo fusion";
				TargetAttributes = {
					3698C2181946B0AB00BD42E3 = {
						DevelopmentTeam = Q246MJM9JV;
					};
					3698C2381946B0AB00BD42E3 = {
						TestTargetID = 3698C2181946B0AB00BD42E3;
					};
				};
			};
			buildConfigurationList = 3698C2141946B0AB00BD42E3 /* Build configuration list for PBXProject "P2Coffee" */;
			compatibilityVersion = "Xcode 3.2";
			developmentRegion = English;
			hasScannedForEncodings = 0;
			knownRegions = (
				en,
			);
			mainGroup = 3698C2101946B0AB00BD42E3;
			productRefGroup = 3698C21A1946B0AB00BD42E3 /* Products */;
			projectDirPath = "";
			projectRoot = "";
			targets = (
				3698C2181946B0AB00BD42E3 /* P2Coffee */,
				3698C2381946B0AB00BD42E3 /* P2CoffeeTests */,
			);
		};
/* End PBXProject section */

/* Begin PBXResourcesBuildPhase section */
		3698C2171946B0AB00BD42E3 /* Resources */ = {
			isa = PBXResourcesBuildPhase;
			buildActionMask = 2147483647;
			files = (
				EAEF1DBF194EFB2F00D72F51 /* PFBranchViewController_Wide.xib in Resources */,
				EAEF1D77194EEB3700D72F51 /* member_standby.png in Resources */,
				3698C2291946B0AB00BD42E3 /* InfoPlist.strings in Resources */,
				EAEF1D7D194EEB3700D72F51 /* contact_standby@2x.png in Resources */,
				3698C2341946B0AB00BD42E3 /* Images.xcassets in Resources */,
				EAA575A71946D84C00001547 /* notificationView.xib in Resources */,
				EAEF1D7F194EEB3700D72F51 /* member_standby@2x.png in Resources */,
				EAEF1DA4194EF89700D72F51 /* PFMapAllViewController_Wide.xib in Resources */,
				EAEF1DB3194EF94000D72F51 /* PFMapViewController_Wide.xib in Resources */,
				EAEF1D81194EEB3700D72F51 /* menu_standby@2x.png in Resources */,
				EAEF1D7A194EEB3700D72F51 /* update_light.png in Resources */,
				EAEF1D83194EEB3700D72F51 /* update_standby@2x.png in Resources */,
				EAEF1D82194EEB3700D72F51 /* update_light@2x.png in Resources */,
				EA250F671947FEFE00202DB1 /* Notification_icon@2x.png in Resources */,
				EAEF1D75194EEB3700D72F51 /* contact_standby.png in Resources */,
				EA287CCD194AB46500FBBF4D /* default.jpeg in Resources */,
				EAEF1D76194EEB3700D72F51 /* member_light.png in Resources */,
				EAEF1D7C194EEB3700D72F51 /* contact_light@2x.png in Resources */,
				EA024A28194FE53E0032CF51 /* PFHistoryViewController_Wide.xib in Resources */,
				EAEF1D7E194EEB3700D72F51 /* member_light@2x.png in Resources */,
				EA024A6E194FE9C60032CF51 /* PFContactCell.xib in Resources */,
				EAEF1D79194EEB3700D72F51 /* menu_standby.png in Resources */,
				EA024A75194FEE4D0032CF51 /* PFMemberViewController_Wide.xib in Resources */,
				EAEF1D80194EEB3700D72F51 /* menu_light@2x.png in Resources */,
				EA024A7E194FEF0A0032CF51 /* PFMenuViewController_Wide.xib in Resources */,
				EAEF1D7B194EEB3700D72F51 /* update_standby.png in Resources */,
				EAEF1D74194EEB3700D72F51 /* contact_light.png in Resources */,
				EAEF1D78194EEB3700D72F51 /* menu_light.png in Resources */,
				EAEF1DBA194EFB0200D72F51 /* PFContactViewController_Wide.xib in Resources */,
				EA287CD8194AB63000FBBF4D /* Powered@2x.png in Resources */,
				EA287CD7194AB63000FBBF4D /* Powered.png in Resources */,
				EA024A87194FEF8E0032CF51 /* PFUpdateViewController_Wide.xib in Resources */,
				EA250F681947FEFE00202DB1 /* Setting_icon@2x.png in Resources */,
			);
			runOnlyForDeploymentPostprocessing = 0;
		};
		3698C2371946B0AB00BD42E3 /* Resources */ = {
			isa = PBXResourcesBuildPhase;
			buildActionMask = 2147483647;
			files = (
				3698C2461946B0AB00BD42E3 /* InfoPlist.strings in Resources */,
			);
			runOnlyForDeploymentPostprocessing = 0;
		};
/* End PBXResourcesBuildPhase section */

/* Begin PBXSourcesBuildPhase section */
		3698C2151946B0AB00BD42E3 /* Sources */ = {
			isa = PBXSourcesBuildPhase;
			buildActionMask = 2147483647;
			files = (
				3698C22F1946B0AB00BD42E3 /* PFAppDelegate.m in Sources */,
				EAEF1DA3194EF89700D72F51 /* PFMapAllViewController.m in Sources */,
				EAEF1DAC194EF90800D72F51 /* BBBadgeBarButtonItem.m in Sources */,
				3698C22B1946B0AB00BD42E3 /* main.m in Sources */,
				EAEF1DB2194EF94000D72F51 /* PFMapViewController.m in Sources */,
				EAEF1DAE194EF90800D72F51 /* PFMapView.m in Sources */,
				EAA575AA1946D84C00001547 /* PFTabBarViewController.m in Sources */,
				EA024A7D194FEF0A0032CF51 /* PFMenuViewController.m in Sources */,
				EAA575A91946D84C00001547 /* PFTabBarItemButton.m in Sources */,
				EA024A6D194FE9C60032CF51 /* PFContactCell.m in Sources */,
				EAA575A81946D84C00001547 /* PFCustomBadge.m in Sources */,
				EA024A27194FE53E0032CF51 /* PFHistoryViewController.m in Sources */,
				EA287CE1194AB7EC00FBBF4D /* AsyncImageView.m in Sources */,
				EA287CDD194AB70900FBBF4D /* PagedImageScrollView.m in Sources */,
				3698C2321946B0AB00BD42E3 /* P2Coffee.xcdatamodeld in Sources */,
				EAEF1DB9194EFB0200D72F51 /* PFContactViewController.m in Sources */,
				EA024A74194FEE4D0032CF51 /* PFMemberViewController.m in Sources */,
				EAEF1DAD194EF90800D72F51 /* CMMapLauncher.m in Sources */,
				EAEF1DBE194EFB2F00D72F51 /* PFBranchViewController.m in Sources */,
				EA024A86194FEF8E0032CF51 /* PFUpdateViewController.m in Sources */,
			);
			runOnlyForDeploymentPostprocessing = 0;
		};
		3698C2351946B0AB00BD42E3 /* Sources */ = {
			isa = PBXSourcesBuildPhase;
			buildActionMask = 2147483647;
			files = (
				3698C2481946B0AB00BD42E3 /* P2CoffeeTests.m in Sources */,
			);
			runOnlyForDeploymentPostprocessing = 0;
		};
/* End PBXSourcesBuildPhase section */

/* Begin PBXTargetDependency section */
		3698C2401946B0AB00BD42E3 /* PBXTargetDependency */ = {
			isa = PBXTargetDependency;
			target = 3698C2181946B0AB00BD42E3 /* P2Coffee */;
			targetProxy = 3698C23F1946B0AB00BD42E3 /* PBXContainerItemProxy */;
		};
/* End PBXTargetDependency section */

/* Begin PBXVariantGroup section */
		3698C2271946B0AB00BD42E3 /* InfoPlist.strings */ = {
			isa = PBXVariantGroup;
			children = (
				3698C2281946B0AB00BD42E3 /* en */,
			);
			name = InfoPlist.strings;
			sourceTree = "<group>";
		};
		3698C2441946B0AB00BD42E3 /* InfoPlist.strings */ = {
			isa = PBXVariantGroup;
			children = (
				3698C2451946B0AB00BD42E3 /* en */,
			);
			name = InfoPlist.strings;
			sourceTree = "<group>";
		};
/* End PBXVariantGroup section */

/* Begin XCBuildConfiguration section */
		3698C2491946B0AB00BD42E3 /* Debug */ = {
			isa = XCBuildConfiguration;
			buildSettings = {
				ALWAYS_SEARCH_USER_PATHS = NO;
				CLANG_CXX_LANGUAGE_STANDARD = "gnu++0x";
				CLANG_CXX_LIBRARY = "libc++";
				CLANG_ENABLE_MODULES = YES;
				CLANG_ENABLE_OBJC_ARC = YES;
				CLANG_WARN_BOOL_CONVERSION = YES;
				CLANG_WARN_CONSTANT_CONVERSION = YES;
				CLANG_WARN_DIRECT_OBJC_ISA_USAGE = YES_ERROR;
				CLANG_WARN_EMPTY_BODY = YES;
				CLANG_WARN_ENUM_CONVERSION = YES;
				CLANG_WARN_INT_CONVERSION = YES;
				CLANG_WARN_OBJC_ROOT_CLASS = YES_ERROR;
				CLANG_WARN__DUPLICATE_METHOD_MATCH = YES;
				"CODE_SIGN_IDENTITY[sdk=iphoneos*]" = "iPhone Developer";
				COPY_PHASE_STRIP = NO;
				GCC_C_LANGUAGE_STANDARD = gnu99;
				GCC_DYNAMIC_NO_PIC = NO;
				GCC_OPTIMIZATION_LEVEL = 0;
				GCC_PREPROCESSOR_DEFINITIONS = (
					"DEBUG=1",
					"$(inherited)",
				);
				GCC_SYMBOLS_PRIVATE_EXTERN = NO;
				GCC_WARN_64_TO_32_BIT_CONVERSION = YES;
				GCC_WARN_ABOUT_RETURN_TYPE = YES_ERROR;
				GCC_WARN_UNDECLARED_SELECTOR = YES;
				GCC_WARN_UNINITIALIZED_AUTOS = YES_AGGRESSIVE;
				GCC_WARN_UNUSED_FUNCTION = YES;
				GCC_WARN_UNUSED_VARIABLE = YES;
				IPHONEOS_DEPLOYMENT_TARGET = 7.1;
				ONLY_ACTIVE_ARCH = YES;
				SDKROOT = iphoneos;
			};
			name = Debug;
		};
		3698C24A1946B0AB00BD42E3 /* Release */ = {
			isa = XCBuildConfiguration;
			buildSettings = {
				ALWAYS_SEARCH_USER_PATHS = NO;
				CLANG_CXX_LANGUAGE_STANDARD = "gnu++0x";
				CLANG_CXX_LIBRARY = "libc++";
				CLANG_ENABLE_MODULES = YES;
				CLANG_ENABLE_OBJC_ARC = YES;
				CLANG_WARN_BOOL_CONVERSION = YES;
				CLANG_WARN_CONSTANT_CONVERSION = YES;
				CLANG_WARN_DIRECT_OBJC_ISA_USAGE = YES_ERROR;
				CLANG_WARN_EMPTY_BODY = YES;
				CLANG_WARN_ENUM_CONVERSION = YES;
				CLANG_WARN_INT_CONVERSION = YES;
				CLANG_WARN_OBJC_ROOT_CLASS = YES_ERROR;
				CLANG_WARN__DUPLICATE_METHOD_MATCH = YES;
				"CODE_SIGN_IDENTITY[sdk=iphoneos*]" = "iPhone Developer";
				COPY_PHASE_STRIP = YES;
				ENABLE_NS_ASSERTIONS = NO;
				GCC_C_LANGUAGE_STANDARD = gnu99;
				GCC_WARN_64_TO_32_BIT_CONVERSION = YES;
				GCC_WARN_ABOUT_RETURN_TYPE = YES_ERROR;
				GCC_WARN_UNDECLARED_SELECTOR = YES;
				GCC_WARN_UNINITIALIZED_AUTOS = YES_AGGRESSIVE;
				GCC_WARN_UNUSED_FUNCTION = YES;
				GCC_WARN_UNUSED_VARIABLE = YES;
				IPHONEOS_DEPLOYMENT_TARGET = 7.1;
				SDKROOT = iphoneos;
				VALIDATE_PRODUCT = YES;
			};
			name = Release;
		};
		3698C24C1946B0AB00BD42E3 /* Debug */ = {
			isa = XCBuildConfiguration;
			buildSettings = {
				ASSETCATALOG_COMPILER_APPICON_NAME = AppIcon;
				ASSETCATALOG_COMPILER_LAUNCHIMAGE_NAME = LaunchImage;
				CODE_SIGN_IDENTITY = "iPhone Developer";
				"CODE_SIGN_IDENTITY[sdk=iphoneos*]" = "iPhone Developer";
				GCC_PRECOMPILE_PREFIX_HEADER = YES;
				GCC_PREFIX_HEADER = "P2Coffee/P2Coffee-Prefix.pch";
				INFOPLIST_FILE = "P2Coffee/P2Coffee-Info.plist";
				PRODUCT_NAME = "$(TARGET_NAME)";
				PROVISIONING_PROFILE = "";
				WRAPPER_EXTENSION = app;
			};
			name = Debug;
		};
		3698C24D1946B0AB00BD42E3 /* Release */ = {
			isa = XCBuildConfiguration;
			buildSettings = {
				ASSETCATALOG_COMPILER_APPICON_NAME = AppIcon;
				ASSETCATALOG_COMPILER_LAUNCHIMAGE_NAME = LaunchImage;
				CODE_SIGN_IDENTITY = "iPhone Developer";
				"CODE_SIGN_IDENTITY[sdk=iphoneos*]" = "iPhone Developer";
				GCC_PRECOMPILE_PREFIX_HEADER = YES;
				GCC_PREFIX_HEADER = "P2Coffee/P2Coffee-Prefix.pch";
				INFOPLIST_FILE = "P2Coffee/P2Coffee-Info.plist";
				PRODUCT_NAME = "$(TARGET_NAME)";
				PROVISIONING_PROFILE = "";
				WRAPPER_EXTENSION = app;
			};
			name = Release;
		};
		3698C24F1946B0AB00BD42E3 /* Debug */ = {
			isa = XCBuildConfiguration;
			buildSettings = {
				BUNDLE_LOADER = "$(BUILT_PRODUCTS_DIR)/P2Coffee.app/P2Coffee";
				FRAMEWORK_SEARCH_PATHS = (
					"$(SDKROOT)/Developer/Library/Frameworks",
					"$(inherited)",
					"$(DEVELOPER_FRAMEWORKS_DIR)",
				);
				GCC_PRECOMPILE_PREFIX_HEADER = YES;
				GCC_PREFIX_HEADER = "P2Coffee/P2Coffee-Prefix.pch";
				GCC_PREPROCESSOR_DEFINITIONS = (
					"DEBUG=1",
					"$(inherited)",
				);
				INFOPLIST_FILE = "P2CoffeeTests/P2CoffeeTests-Info.plist";
				PRODUCT_NAME = "$(TARGET_NAME)";
				TEST_HOST = "$(BUNDLE_LOADER)";
				WRAPPER_EXTENSION = xctest;
			};
			name = Debug;
		};
		3698C2501946B0AB00BD42E3 /* Release */ = {
			isa = XCBuildConfiguration;
			buildSettings = {
				BUNDLE_LOADER = "$(BUILT_PRODUCTS_DIR)/P2Coffee.app/P2Coffee";
				FRAMEWORK_SEARCH_PATHS = (
					"$(SDKROOT)/Developer/Library/Frameworks",
					"$(inherited)",
					"$(DEVELOPER_FRAMEWORKS_DIR)",
				);
				GCC_PRECOMPILE_PREFIX_HEADER = YES;
				GCC_PREFIX_HEADER = "P2Coffee/P2Coffee-Prefix.pch";
				INFOPLIST_FILE = "P2CoffeeTests/P2CoffeeTests-Info.plist";
				PRODUCT_NAME = "$(TARGET_NAME)";
				TEST_HOST = "$(BUNDLE_LOADER)";
				WRAPPER_EXTENSION = xctest;
			};
			name = Release;
		};
/* End XCBuildConfiguration section */

/* Begin XCConfigurationList section */
		3698C2141946B0AB00BD42E3 /* Build configuration list for PBXProject "P2Coffee" */ = {
			isa = XCConfigurationList;
			buildConfigurations = (
				3698C2491946B0AB00BD42E3 /* Debug */,
				3698C24A1946B0AB00BD42E3 /* Release */,
			);
			defaultConfigurationIsVisible = 0;
			defaultConfigurationName = Release;
		};
		3698C24B1946B0AB00BD42E3 /* Build configuration list for PBXNativeTarget "P2Coffee" */ = {
			isa = XCConfigurationList;
			buildConfigurations = (
				3698C24C1946B0AB00BD42E3 /* Debug */,
				3698C24D1946B0AB00BD42E3 /* Release */,
			);
			defaultConfigurationIsVisible = 0;
			defaultConfigurationName = Release;
		};
		3698C24E1946B0AB00BD42E3 /* Build configuration list for PBXNativeTarget "P2CoffeeTests" */ = {
			isa = XCConfigurationList;
			buildConfigurations = (
				3698C24F1946B0AB00BD42E3 /* Debug */,
				3698C2501946B0AB00BD42E3 /* Release */,
			);
			defaultConfigurationIsVisible = 0;
			defaultConfigurationName = Release;
		};
/* End XCConfigurationList section */

/* Begin XCVersionGroup section */
		3698C2301946B0AB00BD42E3 /* P2Coffee.xcdatamodeld */ = {
			isa = XCVersionGroup;
			children = (
				3698C2311946B0AB00BD42E3 /* P2Coffee.xcdatamodel */,
			);
			currentVersion = 3698C2311946B0AB00BD42E3 /* P2Coffee.xcdatamodel */;
			path = P2Coffee.xcdatamodeld;
			sourceTree = "<group>";
			versionGroupType = wrapper.xcdatamodel;
		};
/* End XCVersionGroup section */
	};
	rootObject = 3698C2111946B0AB00BD42E3 /* Project object */;
}
