// !$*UTF8*$!
{
	archiveVersion = 1;
	classes = {
	};
	objectVersion = 46;
	objects = {

/* Begin PBXBuildFile section */
		3698C21D1946B0AB00BD42E3 /* Foundation.framework in Frameworks */ = {isa = PBXBuildFile; fileRef = 3698C21C1946B0AB00BD42E3 /* Foundation.framework */; };
		3698C21F1946B0AB00BD42E3 /* CoreGraphics.framework in Frameworks */ = {isa = PBXBuildFile; fileRef = 3698C21E1946B0AB00BD42E3 /* CoreGraphics.framework */; };
		3698C2211946B0AB00BD42E3 /* UIKit.framework in Frameworks */ = {isa = PBXBuildFile; fileRef = 3698C2201946B0AB00BD42E3 /* UIKit.framework */; };
		3698C2231946B0AB00BD42E3 /* CoreData.framework in Frameworks */ = {isa = PBXBuildFile; fileRef = 3698C2221946B0AB00BD42E3 /* CoreData.framework */; };
		3698C2291946B0AB00BD42E3 /* InfoPlist.strings in Resources */ = {isa = PBXBuildFile; fileRef = 3698C2271946B0AB00BD42E3 /* InfoPlist.strings */; };
		3698C22B1946B0AB00BD42E3 /* main.m in Sources */ = {isa = PBXBuildFile; fileRef = 3698C22A1946B0AB00BD42E3 /* main.m */; };
		3698C22F1946B0AB00BD42E3 /* PFAppDelegate.m in Sources */ = {isa = PBXBuildFile; fileRef = 3698C22E1946B0AB00BD42E3 /* PFAppDelegate.m */; };
		3698C2321946B0AB00BD42E3 /* P2Coffee.xcdatamodeld in Sources */ = {isa = PBXBuildFile; fileRef = 3698C2301946B0AB00BD42E3 /* P2Coffee.xcdatamodeld */; };
		3698C2341946B0AB00BD42E3 /* Images.xcassets in Resources */ = {isa = PBXBuildFile; fileRef = 3698C2331946B0AB00BD42E3 /* Images.xcassets */; };
		3698C23B1946B0AB00BD42E3 /* XCTest.framework in Frameworks */ = {isa = PBXBuildFile; fileRef = 3698C23A1946B0AB00BD42E3 /* XCTest.framework */; };
		3698C23C1946B0AB00BD42E3 /* Foundation.framework in Frameworks */ = {isa = PBXBuildFile; fileRef = 3698C21C1946B0AB00BD42E3 /* Foundation.framework */; };
		3698C23D1946B0AB00BD42E3 /* UIKit.framework in Frameworks */ = {isa = PBXBuildFile; fileRef = 3698C2201946B0AB00BD42E3 /* UIKit.framework */; };
		3698C23E1946B0AB00BD42E3 /* CoreData.framework in Frameworks */ = {isa = PBXBuildFile; fileRef = 3698C2221946B0AB00BD42E3 /* CoreData.framework */; };
		3698C2461946B0AB00BD42E3 /* InfoPlist.strings in Resources */ = {isa = PBXBuildFile; fileRef = 3698C2441946B0AB00BD42E3 /* InfoPlist.strings */; };
		3698C2481946B0AB00BD42E3 /* P2CoffeeTests.m in Sources */ = {isa = PBXBuildFile; fileRef = 3698C2471946B0AB00BD42E3 /* P2CoffeeTests.m */; };
		EA250F571947FEFE00202DB1 /* icon_activity_off.png in Resources */ = {isa = PBXBuildFile; fileRef = EA250F431947FEFE00202DB1 /* icon_activity_off.png */; };
		EA250F581947FEFE00202DB1 /* icon_activity_on.png in Resources */ = {isa = PBXBuildFile; fileRef = EA250F441947FEFE00202DB1 /* icon_activity_on.png */; };
		EA250F591947FEFE00202DB1 /* icon_contact_off.png in Resources */ = {isa = PBXBuildFile; fileRef = EA250F451947FEFE00202DB1 /* icon_contact_off.png */; };
		EA250F5A1947FEFE00202DB1 /* icon_contact_on.png in Resources */ = {isa = PBXBuildFile; fileRef = EA250F461947FEFE00202DB1 /* icon_contact_on.png */; };
		EA250F5B1947FEFE00202DB1 /* icon_showcase_off.png in Resources */ = {isa = PBXBuildFile; fileRef = EA250F471947FEFE00202DB1 /* icon_showcase_off.png */; };
		EA250F5C1947FEFE00202DB1 /* icon_showcase_on.png in Resources */ = {isa = PBXBuildFile; fileRef = EA250F481947FEFE00202DB1 /* icon_showcase_on.png */; };
		EA250F5D1947FEFE00202DB1 /* icon_update_off.png in Resources */ = {isa = PBXBuildFile; fileRef = EA250F491947FEFE00202DB1 /* icon_update_off.png */; };
		EA250F5E1947FEFE00202DB1 /* icon_update_on.png in Resources */ = {isa = PBXBuildFile; fileRef = EA250F4A1947FEFE00202DB1 /* icon_update_on.png */; };
		EA250F5F1947FEFE00202DB1 /* icon_activity_off@2x.png in Resources */ = {isa = PBXBuildFile; fileRef = EA250F4C1947FEFE00202DB1 /* icon_activity_off@2x.png */; };
		EA250F601947FEFE00202DB1 /* icon_activity_on@2x.png in Resources */ = {isa = PBXBuildFile; fileRef = EA250F4D1947FEFE00202DB1 /* icon_activity_on@2x.png */; };
		EA250F611947FEFE00202DB1 /* icon_contact_off@2x.png in Resources */ = {isa = PBXBuildFile; fileRef = EA250F4E1947FEFE00202DB1 /* icon_contact_off@2x.png */; };
		EA250F621947FEFE00202DB1 /* icon_contact_on@2x.png in Resources */ = {isa = PBXBuildFile; fileRef = EA250F4F1947FEFE00202DB1 /* icon_contact_on@2x.png */; };
		EA250F631947FEFE00202DB1 /* icon_showcase_off@2x.png in Resources */ = {isa = PBXBuildFile; fileRef = EA250F501947FEFE00202DB1 /* icon_showcase_off@2x.png */; };
		EA250F641947FEFE00202DB1 /* icon_showcase_on@2x.png in Resources */ = {isa = PBXBuildFile; fileRef = EA250F511947FEFE00202DB1 /* icon_showcase_on@2x.png */; };
		EA250F651947FEFE00202DB1 /* icon_update_off@2x.png in Resources */ = {isa = PBXBuildFile; fileRef = EA250F521947FEFE00202DB1 /* icon_update_off@2x.png */; };
		EA250F661947FEFE00202DB1 /* icon_update_on@2x.png in Resources */ = {isa = PBXBuildFile; fileRef = EA250F531947FEFE00202DB1 /* icon_update_on@2x.png */; };
		EA250F671947FEFE00202DB1 /* Notification_icon@2x.png in Resources */ = {isa = PBXBuildFile; fileRef = EA250F541947FEFE00202DB1 /* Notification_icon@2x.png */; };
		EA250F681947FEFE00202DB1 /* Setting_icon@2x.png in Resources */ = {isa = PBXBuildFile; fileRef = EA250F551947FEFE00202DB1 /* Setting_icon@2x.png */; };
		EA287CCD194AB46500FBBF4D /* default.jpeg in Resources */ = {isa = PBXBuildFile; fileRef = EA287CCC194AB46500FBBF4D /* default.jpeg */; };
		EA287CD2194AB4CD00FBBF4D /* PFContactViewController.m in Sources */ = {isa = PBXBuildFile; fileRef = EA287CD0194AB4CD00FBBF4D /* PFContactViewController.m */; };
		EA287CD3194AB4CD00FBBF4D /* PFContactViewController_Wide.xib in Resources */ = {isa = PBXBuildFile; fileRef = EA287CD1194AB4CD00FBBF4D /* PFContactViewController_Wide.xib */; };
		EA287CD7194AB63000FBBF4D /* Powered.png in Resources */ = {isa = PBXBuildFile; fileRef = EA287CD5194AB63000FBBF4D /* Powered.png */; };
		EA287CD8194AB63000FBBF4D /* Powered@2x.png in Resources */ = {isa = PBXBuildFile; fileRef = EA287CD6194AB63000FBBF4D /* Powered@2x.png */; };
		EA287CDD194AB70900FBBF4D /* PagedImageScrollView.m in Sources */ = {isa = PBXBuildFile; fileRef = EA287CDC194AB70900FBBF4D /* PagedImageScrollView.m */; };
		EA287CE1194AB7EC00FBBF4D /* AsyncImageView.m in Sources */ = {isa = PBXBuildFile; fileRef = EA287CE0194AB7EC00FBBF4D /* AsyncImageView.m */; };
		EAA575A71946D84C00001547 /* notificationView.xib in Resources */ = {isa = PBXBuildFile; fileRef = EAA575791946D84C00001547 /* notificationView.xib */; };
		EAA575A81946D84C00001547 /* PFCustomBadge.m in Sources */ = {isa = PBXBuildFile; fileRef = EAA5757B1946D84C00001547 /* PFCustomBadge.m */; };
		EAA575A91946D84C00001547 /* PFTabBarItemButton.m in Sources */ = {isa = PBXBuildFile; fileRef = EAA5757D1946D84C00001547 /* PFTabBarItemButton.m */; };
		EAA575AA1946D84C00001547 /* PFTabBarViewController.m in Sources */ = {isa = PBXBuildFile; fileRef = EAA5757F1946D84C00001547 /* PFTabBarViewController.m */; };
		EAA575BE1946D84C00001547 /* Tab1ViewController.m in Sources */ = {isa = PBXBuildFile; fileRef = EAA575991946D84C00001547 /* Tab1ViewController.m */; };
		EAA575BF1946D84C00001547 /* Tab1ViewController_Wide.xib in Resources */ = {isa = PBXBuildFile; fileRef = EAA5759A1946D84C00001547 /* Tab1ViewController_Wide.xib */; };
		EAA575C01946D84C00001547 /* Tab2ViewController.m in Sources */ = {isa = PBXBuildFile; fileRef = EAA5759D1946D84C00001547 /* Tab2ViewController.m */; };
		EAA575C11946D84C00001547 /* Tab2ViewController_Wide.xib in Resources */ = {isa = PBXBuildFile; fileRef = EAA5759E1946D84C00001547 /* Tab2ViewController_Wide.xib */; };
		EAA575C21946D84C00001547 /* Tab3ViewController.m in Sources */ = {isa = PBXBuildFile; fileRef = EAA575A11946D84C00001547 /* Tab3ViewController.m */; };
		EAA575C31946D84C00001547 /* Tab3ViewController_Wide.xib in Resources */ = {isa = PBXBuildFile; fileRef = EAA575A21946D84C00001547 /* Tab3ViewController_Wide.xib */; };
/* End PBXBuildFile section */

/* Begin PBXContainerItemProxy section */
		3698C23F1946B0AB00BD42E3 /* PBXContainerItemProxy */ = {
			isa = PBXContainerItemProxy;
			containerPortal = 3698C2111946B0AB00BD42E3 /* Project object */;
			proxyType = 1;
			remoteGlobalIDString = 3698C2181946B0AB00BD42E3;
			remoteInfo = P2Coffee;
		};
/* End PBXContainerItemProxy section */

/* Begin PBXFileReference section */
		3698C2191946B0AB00BD42E3 /* P2Coffee.app */ = {isa = PBXFileReference; explicitFileType = wrapper.application; includeInIndex = 0; path = P2Coffee.app; sourceTree = BUILT_PRODUCTS_DIR; };
		3698C21C1946B0AB00BD42E3 /* Foundation.framework */ = {isa = PBXFileReference; lastKnownFileType = wrapper.framework; name = Foundation.framework; path = System/Library/Frameworks/Foundation.framework; sourceTree = SDKROOT; };
		3698C21E1946B0AB00BD42E3 /* CoreGraphics.framework */ = {isa = PBXFileReference; lastKnownFileType = wrapper.framework; name = CoreGraphics.framework; path = System/Library/Frameworks/CoreGraphics.framework; sourceTree = SDKROOT; };
		3698C2201946B0AB00BD42E3 /* UIKit.framework */ = {isa = PBXFileReference; lastKnownFileType = wrapper.framework; name = UIKit.framework; path = System/Library/Frameworks/UIKit.framework; sourceTree = SDKROOT; };
		3698C2221946B0AB00BD42E3 /* CoreData.framework */ = {isa = PBXFileReference; lastKnownFileType = wrapper.framework; name = CoreData.framework; path = System/Library/Frameworks/CoreData.framework; sourceTree = SDKROOT; };
		3698C2261946B0AB00BD42E3 /* P2Coffee-Info.plist */ = {isa = PBXFileReference; lastKnownFileType = text.plist.xml; path = "P2Coffee-Info.plist"; sourceTree = "<group>"; };
		3698C2281946B0AB00BD42E3 /* en */ = {isa = PBXFileReference; lastKnownFileType = text.plist.strings; name = en; path = en.lproj/InfoPlist.strings; sourceTree = "<group>"; };
		3698C22A1946B0AB00BD42E3 /* main.m */ = {isa = PBXFileReference; lastKnownFileType = sourcecode.c.objc; path = main.m; sourceTree = "<group>"; };
		3698C22C1946B0AB00BD42E3 /* P2Coffee-Prefix.pch */ = {isa = PBXFileReference; lastKnownFileType = sourcecode.c.h; path = "P2Coffee-Prefix.pch"; sourceTree = "<group>"; };
		3698C22D1946B0AB00BD42E3 /* PFAppDelegate.h */ = {isa = PBXFileReference; lastKnownFileType = sourcecode.c.h; path = PFAppDelegate.h; sourceTree = "<group>"; };
		3698C22E1946B0AB00BD42E3 /* PFAppDelegate.m */ = {isa = PBXFileReference; lastKnownFileType = sourcecode.c.objc; path = PFAppDelegate.m; sourceTree = "<group>"; };
		3698C2311946B0AB00BD42E3 /* P2Coffee.xcdatamodel */ = {isa = PBXFileReference; lastKnownFileType = wrapper.xcdatamodel; path = P2Coffee.xcdatamodel; sourceTree = "<group>"; };
		3698C2331946B0AB00BD42E3 /* Images.xcassets */ = {isa = PBXFileReference; lastKnownFileType = folder.assetcatalog; path = Images.xcassets; sourceTree = "<group>"; };
		3698C2391946B0AB00BD42E3 /* P2CoffeeTests.xctest */ = {isa = PBXFileReference; explicitFileType = wrapper.cfbundle; includeInIndex = 0; path = P2CoffeeTests.xctest; sourceTree = BUILT_PRODUCTS_DIR; };
		3698C23A1946B0AB00BD42E3 /* XCTest.framework */ = {isa = PBXFileReference; lastKnownFileType = wrapper.framework; name = XCTest.framework; path = Library/Frameworks/XCTest.framework; sourceTree = DEVELOPER_DIR; };
		3698C2431946B0AB00BD42E3 /* P2CoffeeTests-Info.plist */ = {isa = PBXFileReference; lastKnownFileType = text.plist.xml; path = "P2CoffeeTests-Info.plist"; sourceTree = "<group>"; };
		3698C2451946B0AB00BD42E3 /* en */ = {isa = PBXFileReference; lastKnownFileType = text.plist.strings; name = en; path = en.lproj/InfoPlist.strings; sourceTree = "<group>"; };
		3698C2471946B0AB00BD42E3 /* P2CoffeeTests.m */ = {isa = PBXFileReference; lastKnownFileType = sourcecode.c.objc; path = P2CoffeeTests.m; sourceTree = "<group>"; };
		EA250F431947FEFE00202DB1 /* icon_activity_off.png */ = {isa = PBXFileReference; lastKnownFileType = image.png; path = icon_activity_off.png; sourceTree = "<group>"; };
		EA250F441947FEFE00202DB1 /* icon_activity_on.png */ = {isa = PBXFileReference; lastKnownFileType = image.png; path = icon_activity_on.png; sourceTree = "<group>"; };
		EA250F451947FEFE00202DB1 /* icon_contact_off.png */ = {isa = PBXFileReference; lastKnownFileType = image.png; path = icon_contact_off.png; sourceTree = "<group>"; };
		EA250F461947FEFE00202DB1 /* icon_contact_on.png */ = {isa = PBXFileReference; lastKnownFileType = image.png; path = icon_contact_on.png; sourceTree = "<group>"; };
		EA250F471947FEFE00202DB1 /* icon_showcase_off.png */ = {isa = PBXFileReference; lastKnownFileType = image.png; path = icon_showcase_off.png; sourceTree = "<group>"; };
		EA250F481947FEFE00202DB1 /* icon_showcase_on.png */ = {isa = PBXFileReference; lastKnownFileType = image.png; path = icon_showcase_on.png; sourceTree = "<group>"; };
		EA250F491947FEFE00202DB1 /* icon_update_off.png */ = {isa = PBXFileReference; lastKnownFileType = image.png; path = icon_update_off.png; sourceTree = "<group>"; };
		EA250F4A1947FEFE00202DB1 /* icon_update_on.png */ = {isa = PBXFileReference; lastKnownFileType = image.png; path = icon_update_on.png; sourceTree = "<group>"; };
		EA250F4C1947FEFE00202DB1 /* icon_activity_off@2x.png */ = {isa = PBXFileReference; lastKnownFileType = image.png; path = "icon_activity_off@2x.png"; sourceTree = "<group>"; };
		EA250F4D1947FEFE00202DB1 /* icon_activity_on@2x.png */ = {isa = PBXFileReference; lastKnownFileType = image.png; path = "icon_activity_on@2x.png"; sourceTree = "<group>"; };
		EA250F4E1947FEFE00202DB1 /* icon_contact_off@2x.png */ = {isa = PBXFileReference; lastKnownFileType = image.png; path = "icon_contact_off@2x.png"; sourceTree = "<group>"; };
		EA250F4F1947FEFE00202DB1 /* icon_contact_on@2x.png */ = {isa = PBXFileReference; lastKnownFileType = image.png; path = "icon_contact_on@2x.png"; sourceTree = "<group>"; };
		EA250F501947FEFE00202DB1 /* icon_showcase_off@2x.png */ = {isa = PBXFileReference; lastKnownFileType = image.png; path = "icon_showcase_off@2x.png"; sourceTree = "<group>"; };
		EA250F511947FEFE00202DB1 /* icon_showcase_on@2x.png */ = {isa = PBXFileReference; lastKnownFileType = image.png; path = "icon_showcase_on@2x.png"; sourceTree = "<group>"; };
		EA250F521947FEFE00202DB1 /* icon_update_off@2x.png */ = {isa = PBXFileReference; lastKnownFileType = image.png; path = "icon_update_off@2x.png"; sourceTree = "<group>"; };
		EA250F531947FEFE00202DB1 /* icon_update_on@2x.png */ = {isa = PBXFileReference; lastKnownFileType = image.png; path = "icon_update_on@2x.png"; sourceTree = "<group>"; };
		EA250F541947FEFE00202DB1 /* Notification_icon@2x.png */ = {isa = PBXFileReference; lastKnownFileType = image.png; path = "Notification_icon@2x.png"; sourceTree = "<group>"; };
		EA250F551947FEFE00202DB1 /* Setting_icon@2x.png */ = {isa = PBXFileReference; lastKnownFileType = image.png; path = "Setting_icon@2x.png"; sourceTree = "<group>"; };
		EA287CCC194AB46500FBBF4D /* default.jpeg */ = {isa = PBXFileReference; lastKnownFileType = image.jpeg; path = default.jpeg; sourceTree = "<group>"; };
		EA287CCF194AB4CD00FBBF4D /* PFContactViewController.h */ = {isa = PBXFileReference; fileEncoding = 4; lastKnownFileType = sourcecode.c.h; path = PFContactViewController.h; sourceTree = "<group>"; };
		EA287CD0194AB4CD00FBBF4D /* PFContactViewController.m */ = {isa = PBXFileReference; fileEncoding = 4; lastKnownFileType = sourcecode.c.objc; path = PFContactViewController.m; sourceTree = "<group>"; };
		EA287CD1194AB4CD00FBBF4D /* PFContactViewController_Wide.xib */ = {isa = PBXFileReference; fileEncoding = 4; lastKnownFileType = file.xib; path = PFContactViewController_Wide.xib; sourceTree = "<group>"; };
		EA287CD5194AB63000FBBF4D /* Powered.png */ = {isa = PBXFileReference; lastKnownFileType = image.png; path = Powered.png; sourceTree = "<group>"; };
		EA287CD6194AB63000FBBF4D /* Powered@2x.png */ = {isa = PBXFileReference; lastKnownFileType = image.png; path = "Powered@2x.png"; sourceTree = "<group>"; };
		EA287CDB194AB70900FBBF4D /* PagedImageScrollView.h */ = {isa = PBXFileReference; fileEncoding = 4; lastKnownFileType = sourcecode.c.h; path = PagedImageScrollView.h; sourceTree = "<group>"; };
		EA287CDC194AB70900FBBF4D /* PagedImageScrollView.m */ = {isa = PBXFileReference; fileEncoding = 4; lastKnownFileType = sourcecode.c.objc; path = PagedImageScrollView.m; sourceTree = "<group>"; };
		EA287CDF194AB7EC00FBBF4D /* AsyncImageView.h */ = {isa = PBXFileReference; fileEncoding = 4; lastKnownFileType = sourcecode.c.h; path = AsyncImageView.h; sourceTree = "<group>"; };
		EA287CE0194AB7EC00FBBF4D /* AsyncImageView.m */ = {isa = PBXFileReference; fileEncoding = 4; lastKnownFileType = sourcecode.c.objc; path = AsyncImageView.m; sourceTree = "<group>"; };
		EAA575791946D84C00001547 /* notificationView.xib */ = {isa = PBXFileReference; fileEncoding = 4; lastKnownFileType = file.xib; path = notificationView.xib; sourceTree = "<group>"; };
		EAA5757A1946D84C00001547 /* PFCustomBadge.h */ = {isa = PBXFileReference; fileEncoding = 4; lastKnownFileType = sourcecode.c.h; path = PFCustomBadge.h; sourceTree = "<group>"; };
		EAA5757B1946D84C00001547 /* PFCustomBadge.m */ = {isa = PBXFileReference; fileEncoding = 4; lastKnownFileType = sourcecode.c.objc; path = PFCustomBadge.m; sourceTree = "<group>"; };
		EAA5757C1946D84C00001547 /* PFTabBarItemButton.h */ = {isa = PBXFileReference; fileEncoding = 4; lastKnownFileType = sourcecode.c.h; path = PFTabBarItemButton.h; sourceTree = "<group>"; };
		EAA5757D1946D84C00001547 /* PFTabBarItemButton.m */ = {isa = PBXFileReference; fileEncoding = 4; lastKnownFileType = sourcecode.c.objc; path = PFTabBarItemButton.m; sourceTree = "<group>"; };
		EAA5757E1946D84C00001547 /* PFTabBarViewController.h */ = {isa = PBXFileReference; fileEncoding = 4; lastKnownFileType = sourcecode.c.h; path = PFTabBarViewController.h; sourceTree = "<group>"; };
		EAA5757F1946D84C00001547 /* PFTabBarViewController.m */ = {isa = PBXFileReference; fileEncoding = 4; lastKnownFileType = sourcecode.c.objc; path = PFTabBarViewController.m; sourceTree = "<group>"; };
		EAA575981946D84C00001547 /* Tab1ViewController.h */ = {isa = PBXFileReference; fileEncoding = 4; lastKnownFileType = sourcecode.c.h; path = Tab1ViewController.h; sourceTree = "<group>"; };
		EAA575991946D84C00001547 /* Tab1ViewController.m */ = {isa = PBXFileReference; fileEncoding = 4; lastKnownFileType = sourcecode.c.objc; path = Tab1ViewController.m; sourceTree = "<group>"; };
		EAA5759A1946D84C00001547 /* Tab1ViewController_Wide.xib */ = {isa = PBXFileReference; fileEncoding = 4; lastKnownFileType = file.xib; path = Tab1ViewController_Wide.xib; sourceTree = "<group>"; };
		EAA5759C1946D84C00001547 /* Tab2ViewController.h */ = {isa = PBXFileReference; fileEncoding = 4; lastKnownFileType = sourcecode.c.h; path = Tab2ViewController.h; sourceTree = "<group>"; };
		EAA5759D1946D84C00001547 /* Tab2ViewController.m */ = {isa = PBXFileReference; fileEncoding = 4; lastKnownFileType = sourcecode.c.objc; path = Tab2ViewController.m; sourceTree = "<group>"; };
		EAA5759E1946D84C00001547 /* Tab2ViewController_Wide.xib */ = {isa = PBXFileReference; fileEncoding = 4; lastKnownFileType = file.xib; path = Tab2ViewController_Wide.xib; sourceTree = "<group>"; };
		EAA575A01946D84C00001547 /* Tab3ViewController.h */ = {isa = PBXFileReference; fileEncoding = 4; lastKnownFileType = sourcecode.c.h; path = Tab3ViewController.h; sourceTree = "<group>"; };
		EAA575A11946D84C00001547 /* Tab3ViewController.m */ = {isa = PBXFileReference; fileEncoding = 4; lastKnownFileType = sourcecode.c.objc; path = Tab3ViewController.m; sourceTree = "<group>"; };
		EAA575A21946D84C00001547 /* Tab3ViewController_Wide.xib */ = {isa = PBXFileReference; fileEncoding = 4; lastKnownFileType = file.xib; path = Tab3ViewController_Wide.xib; sourceTree = "<group>"; };
/* End PBXFileReference section */

/* Begin PBXFrameworksBuildPhase section */
		3698C2161946B0AB00BD42E3 /* Frameworks */ = {
			isa = PBXFrameworksBuildPhase;
			buildActionMask = 2147483647;
			files = (
				3698C21F1946B0AB00BD42E3 /* CoreGraphics.framework in Frameworks */,
				3698C2231946B0AB00BD42E3 /* CoreData.framework in Frameworks */,
				3698C2211946B0AB00BD42E3 /* UIKit.framework in Frameworks */,
				3698C21D1946B0AB00BD42E3 /* Foundation.framework in Frameworks */,
			);
			runOnlyForDeploymentPostprocessing = 0;
		};
		3698C2361946B0AB00BD42E3 /* Frameworks */ = {
			isa = PBXFrameworksBuildPhase;
			buildActionMask = 2147483647;
			files = (
				3698C23B1946B0AB00BD42E3 /* XCTest.framework in Frameworks */,
				3698C23E1946B0AB00BD42E3 /* CoreData.framework in Frameworks */,
				3698C23D1946B0AB00BD42E3 /* UIKit.framework in Frameworks */,
				3698C23C1946B0AB00BD42E3 /* Foundation.framework in Frameworks */,
			);
			runOnlyForDeploymentPostprocessing = 0;
		};
/* End PBXFrameworksBuildPhase section */

/* Begin PBXGroup section */
		3698C2101946B0AB00BD42E3 = {
			isa = PBXGroup;
			children = (
				3698C2241946B0AB00BD42E3 /* P2Coffee */,
				3698C2411946B0AB00BD42E3 /* P2CoffeeTests */,
				3698C21B1946B0AB00BD42E3 /* Frameworks */,
				3698C21A1946B0AB00BD42E3 /* Products */,
			);
			sourceTree = "<group>";
		};
		3698C21A1946B0AB00BD42E3 /* Products */ = {
			isa = PBXGroup;
			children = (
				3698C2191946B0AB00BD42E3 /* P2Coffee.app */,
				3698C2391946B0AB00BD42E3 /* P2CoffeeTests.xctest */,
			);
			name = Products;
			sourceTree = "<group>";
		};
		3698C21B1946B0AB00BD42E3 /* Frameworks */ = {
			isa = PBXGroup;
			children = (
				3698C21C1946B0AB00BD42E3 /* Foundation.framework */,
				3698C21E1946B0AB00BD42E3 /* CoreGraphics.framework */,
				3698C2201946B0AB00BD42E3 /* UIKit.framework */,
				3698C2221946B0AB00BD42E3 /* CoreData.framework */,
				3698C23A1946B0AB00BD42E3 /* XCTest.framework */,
			);
			name = Frameworks;
			sourceTree = "<group>";
		};
		3698C2241946B0AB00BD42E3 /* P2Coffee */ = {
			isa = PBXGroup;
			children = (
				EA287CD9194AB70900FBBF4D /* Ext */,
				EAA575781946D84C00001547 /* Class */,
				EAA575801946D84C00001547 /* ImagesTab */,
				EAA575961946D84C00001547 /* ViewController */,
				3698C22D1946B0AB00BD42E3 /* PFAppDelegate.h */,
				3698C22E1946B0AB00BD42E3 /* PFAppDelegate.m */,
				3698C2331946B0AB00BD42E3 /* Images.xcassets */,
				3698C2301946B0AB00BD42E3 /* P2Coffee.xcdatamodeld */,
				3698C2251946B0AB00BD42E3 /* Supporting Files */,
			);
			path = P2Coffee;
			sourceTree = "<group>";
		};
		3698C2251946B0AB00BD42E3 /* Supporting Files */ = {
			isa = PBXGroup;
			children = (
				3698C2261946B0AB00BD42E3 /* P2Coffee-Info.plist */,
				3698C2271946B0AB00BD42E3 /* InfoPlist.strings */,
				3698C22A1946B0AB00BD42E3 /* main.m */,
				3698C22C1946B0AB00BD42E3 /* P2Coffee-Prefix.pch */,
			);
			name = "Supporting Files";
			sourceTree = "<group>";
		};
		3698C2411946B0AB00BD42E3 /* P2CoffeeTests */ = {
			isa = PBXGroup;
			children = (
				3698C2471946B0AB00BD42E3 /* P2CoffeeTests.m */,
				3698C2421946B0AB00BD42E3 /* Supporting Files */,
			);
			path = P2CoffeeTests;
			sourceTree = "<group>";
		};
		3698C2421946B0AB00BD42E3 /* Supporting Files */ = {
			isa = PBXGroup;
			children = (
				3698C2431946B0AB00BD42E3 /* P2CoffeeTests-Info.plist */,
				3698C2441946B0AB00BD42E3 /* InfoPlist.strings */,
			);
			name = "Supporting Files";
			sourceTree = "<group>";
		};
		EA250F421947FEFE00202DB1 /* i4 */ = {
			isa = PBXGroup;
			children = (
				EA250F431947FEFE00202DB1 /* icon_activity_off.png */,
				EA250F441947FEFE00202DB1 /* icon_activity_on.png */,
				EA250F451947FEFE00202DB1 /* icon_contact_off.png */,
				EA250F461947FEFE00202DB1 /* icon_contact_on.png */,
				EA250F471947FEFE00202DB1 /* icon_showcase_off.png */,
				EA250F481947FEFE00202DB1 /* icon_showcase_on.png */,
				EA250F491947FEFE00202DB1 /* icon_update_off.png */,
				EA250F4A1947FEFE00202DB1 /* icon_update_on.png */,
			);
			path = i4;
			sourceTree = "<group>";
		};
		EA250F4B1947FEFE00202DB1 /* i5 */ = {
			isa = PBXGroup;
			children = (
				EA250F4C1947FEFE00202DB1 /* icon_activity_off@2x.png */,
				EA250F4D1947FEFE00202DB1 /* icon_activity_on@2x.png */,
				EA250F4E1947FEFE00202DB1 /* icon_contact_off@2x.png */,
				EA250F4F1947FEFE00202DB1 /* icon_contact_on@2x.png */,
				EA250F501947FEFE00202DB1 /* icon_showcase_off@2x.png */,
				EA250F511947FEFE00202DB1 /* icon_showcase_on@2x.png */,
				EA250F521947FEFE00202DB1 /* icon_update_off@2x.png */,
				EA250F531947FEFE00202DB1 /* icon_update_on@2x.png */,
			);
			path = i5;
			sourceTree = "<group>";
		};
		EA287CCB194AB46500FBBF4D /* Images */ = {
			isa = PBXGroup;
			children = (
				EA287CCC194AB46500FBBF4D /* default.jpeg */,
			);
			path = Images;
			sourceTree = "<group>";
		};
		EA287CCE194AB49B00FBBF4D /* Contact */ = {
			isa = PBXGroup;
			children = (
				EA287CD4194AB63000FBBF4D /* Images */,
				EA287CCF194AB4CD00FBBF4D /* PFContactViewController.h */,
				EA287CD0194AB4CD00FBBF4D /* PFContactViewController.m */,
				EA287CD1194AB4CD00FBBF4D /* PFContactViewController_Wide.xib */,
			);
			path = Contact;
			sourceTree = "<group>";
		};
		EA287CD4194AB63000FBBF4D /* Images */ = {
			isa = PBXGroup;
			children = (
				EA287CD5194AB63000FBBF4D /* Powered.png */,
				EA287CD6194AB63000FBBF4D /* Powered@2x.png */,
			);
			path = Images;
			sourceTree = "<group>";
		};
		EA287CD9194AB70900FBBF4D /* Ext */ = {
			isa = PBXGroup;
			children = (
				EA287CDE194AB7EC00FBBF4D /* AsyncImageView */,
				EA287CDA194AB70900FBBF4D /* PagedImageScrollView */,
			);
			path = Ext;
			sourceTree = SOURCE_ROOT;
		};
		EA287CDA194AB70900FBBF4D /* PagedImageScrollView */ = {
			isa = PBXGroup;
			children = (
				EA287CDB194AB70900FBBF4D /* PagedImageScrollView.h */,
				EA287CDC194AB70900FBBF4D /* PagedImageScrollView.m */,
			);
			path = PagedImageScrollView;
			sourceTree = "<group>";
		};
		EA287CDE194AB7EC00FBBF4D /* AsyncImageView */ = {
			isa = PBXGroup;
			children = (
				EA287CDF194AB7EC00FBBF4D /* AsyncImageView.h */,
				EA287CE0194AB7EC00FBBF4D /* AsyncImageView.m */,
			);
			path = AsyncImageView;
			sourceTree = "<group>";
		};
		EAA575781946D84C00001547 /* Class */ = {
			isa = PBXGroup;
			children = (
				EAA575791946D84C00001547 /* notificationView.xib */,
				EAA5757A1946D84C00001547 /* PFCustomBadge.h */,
				EAA5757B1946D84C00001547 /* PFCustomBadge.m */,
				EAA5757C1946D84C00001547 /* PFTabBarItemButton.h */,
				EAA5757D1946D84C00001547 /* PFTabBarItemButton.m */,
				EAA5757E1946D84C00001547 /* PFTabBarViewController.h */,
				EAA5757F1946D84C00001547 /* PFTabBarViewController.m */,
			);
			path = Class;
			sourceTree = SOURCE_ROOT;
		};
		EAA575801946D84C00001547 /* ImagesTab */ = {
			isa = PBXGroup;
			children = (
				EA250F421947FEFE00202DB1 /* i4 */,
				EA250F4B1947FEFE00202DB1 /* i5 */,
				EA250F541947FEFE00202DB1 /* Notification_icon@2x.png */,
				EA250F551947FEFE00202DB1 /* Setting_icon@2x.png */,
			);
			path = ImagesTab;
			sourceTree = SOURCE_ROOT;
		};
		EAA575961946D84C00001547 /* ViewController */ = {
			isa = PBXGroup;
			children = (
				EA287CCB194AB46500FBBF4D /* Images */,
				EAA575971946D84C00001547 /* Tab1 */,
				EAA5759B1946D84C00001547 /* Tab2 */,
				EAA5759F1946D84C00001547 /* Tab3 */,
				EA287CCE194AB49B00FBBF4D /* Contact */,
			);
			path = ViewController;
			sourceTree = SOURCE_ROOT;
		};
		EAA575971946D84C00001547 /* Tab1 */ = {
			isa = PBXGroup;
			children = (
				EAA575981946D84C00001547 /* Tab1ViewController.h */,
				EAA575991946D84C00001547 /* Tab1ViewController.m */,
				EAA5759A1946D84C00001547 /* Tab1ViewController_Wide.xib */,
			);
			path = Tab1;
			sourceTree = "<group>";
		};
		EAA5759B1946D84C00001547 /* Tab2 */ = {
			isa = PBXGroup;
			children = (
				EAA5759C1946D84C00001547 /* Tab2ViewController.h */,
				EAA5759D1946D84C00001547 /* Tab2ViewController.m */,
				EAA5759E1946D84C00001547 /* Tab2ViewController_Wide.xib */,
			);
			path = Tab2;
			sourceTree = "<group>";
		};
		EAA5759F1946D84C00001547 /* Tab3 */ = {
			isa = PBXGroup;
			children = (
				EAA575A01946D84C00001547 /* Tab3ViewController.h */,
				EAA575A11946D84C00001547 /* Tab3ViewController.m */,
				EAA575A21946D84C00001547 /* Tab3ViewController_Wide.xib */,
			);
			path = Tab3;
			sourceTree = "<group>";
		};
/* End PBXGroup section */

/* Begin PBXNativeTarget section */
		3698C2181946B0AB00BD42E3 /* P2Coffee */ = {
			isa = PBXNativeTarget;
			buildConfigurationList = 3698C24B1946B0AB00BD42E3 /* Build configuration list for PBXNativeTarget "P2Coffee" */;
			buildPhases = (
				3698C2151946B0AB00BD42E3 /* Sources */,
				3698C2161946B0AB00BD42E3 /* Frameworks */,
				3698C2171946B0AB00BD42E3 /* Resources */,
			);
			buildRules = (
			);
			dependencies = (
			);
			name = P2Coffee;
			productName = P2Coffee;
			productReference = 3698C2191946B0AB00BD42E3 /* P2Coffee.app */;
			productType = "com.apple.product-type.application";
		};
		3698C2381946B0AB00BD42E3 /* P2CoffeeTests */ = {
			isa = PBXNativeTarget;
			buildConfigurationList = 3698C24E1946B0AB00BD42E3 /* Build configuration list for PBXNativeTarget "P2CoffeeTests" */;
			buildPhases = (
				3698C2351946B0AB00BD42E3 /* Sources */,
				3698C2361946B0AB00BD42E3 /* Frameworks */,
				3698C2371946B0AB00BD42E3 /* Resources */,
			);
			buildRules = (
			);
			dependencies = (
				3698C2401946B0AB00BD42E3 /* PBXTargetDependency */,
			);
			name = P2CoffeeTests;
			productName = P2CoffeeTests;
			productReference = 3698C2391946B0AB00BD42E3 /* P2CoffeeTests.xctest */;
			productType = "com.apple.product-type.bundle.unit-test";
		};
/* End PBXNativeTarget section */

/* Begin PBXProject section */
		3698C2111946B0AB00BD42E3 /* Project object */ = {
			isa = PBXProject;
			attributes = {
				CLASSPREFIX = PF;
				LastUpgradeCheck = 0510;
				ORGANIZATIONNAME = "Platwo fusion";
				TargetAttributes = {
					3698C2381946B0AB00BD42E3 = {
						TestTargetID = 3698C2181946B0AB00BD42E3;
					};
				};
			};
			buildConfigurationList = 3698C2141946B0AB00BD42E3 /* Build configuration list for PBXProject "P2Coffee" */;
			compatibilityVersion = "Xcode 3.2";
			developmentRegion = English;
			hasScannedForEncodings = 0;
			knownRegions = (
				en,
			);
			mainGroup = 3698C2101946B0AB00BD42E3;
			productRefGroup = 3698C21A1946B0AB00BD42E3 /* Products */;
			projectDirPath = "";
			projectRoot = "";
			targets = (
				3698C2181946B0AB00BD42E3 /* P2Coffee */,
				3698C2381946B0AB00BD42E3 /* P2CoffeeTests */,
			);
		};
/* End PBXProject section */

/* Begin PBXResourcesBuildPhase section */
		3698C2171946B0AB00BD42E3 /* Resources */ = {
			isa = PBXResourcesBuildPhase;
			buildActionMask = 2147483647;
			files = (
				EA250F591947FEFE00202DB1 /* icon_contact_off.png in Resources */,
				EA287CD3194AB4CD00FBBF4D /* PFContactViewController_Wide.xib in Resources */,
				EA250F581947FEFE00202DB1 /* icon_activity_on.png in Resources */,
				3698C2291946B0AB00BD42E3 /* InfoPlist.strings in Resources */,
				3698C2341946B0AB00BD42E3 /* Images.xcassets in Resources */,
				EAA575A71946D84C00001547 /* notificationView.xib in Resources */,
				EA250F5A1947FEFE00202DB1 /* icon_contact_on.png in Resources */,
				EA250F621947FEFE00202DB1 /* icon_contact_on@2x.png in Resources */,
				EA250F651947FEFE00202DB1 /* icon_update_off@2x.png in Resources */,
				EAA575C11946D84C00001547 /* Tab2ViewController_Wide.xib in Resources */,
				EA250F671947FEFE00202DB1 /* Notification_icon@2x.png in Resources */,
				EAA575C31946D84C00001547 /* Tab3ViewController_Wide.xib in Resources */,
				EA287CCD194AB46500FBBF4D /* default.jpeg in Resources */,
				EA250F641947FEFE00202DB1 /* icon_showcase_on@2x.png in Resources */,
				EA250F571947FEFE00202DB1 /* icon_activity_off.png in Resources */,
				EA250F5D1947FEFE00202DB1 /* icon_update_off.png in Resources */,
				EA250F5F1947FEFE00202DB1 /* icon_activity_off@2x.png in Resources */,
				EA250F5E1947FEFE00202DB1 /* icon_update_on.png in Resources */,
				EA250F661947FEFE00202DB1 /* icon_update_on@2x.png in Resources */,
				EA250F611947FEFE00202DB1 /* icon_contact_off@2x.png in Resources */,
				EA250F631947FEFE00202DB1 /* icon_showcase_off@2x.png in Resources */,
				EA287CD8194AB63000FBBF4D /* Powered@2x.png in Resources */,
				EAA575BF1946D84C00001547 /* Tab1ViewController_Wide.xib in Resources */,
				EA287CD7194AB63000FBBF4D /* Powered.png in Resources */,
				EA250F601947FEFE00202DB1 /* icon_activity_on@2x.png in Resources */,
				EA250F5C1947FEFE00202DB1 /* icon_showcase_on.png in Resources */,
				EA250F681947FEFE00202DB1 /* Setting_icon@2x.png in Resources */,
				EA250F5B1947FEFE00202DB1 /* icon_showcase_off.png in Resources */,
			);
			runOnlyForDeploymentPostprocessing = 0;
		};
		3698C2371946B0AB00BD42E3 /* Resources */ = {
			isa = PBXResourcesBuildPhase;
			buildActionMask = 2147483647;
			files = (
				3698C2461946B0AB00BD42E3 /* InfoPlist.strings in Resources */,
			);
			runOnlyForDeploymentPostprocessing = 0;
		};
/* End PBXResourcesBuildPhase section */

/* Begin PBXSourcesBuildPhase section */
		3698C2151946B0AB00BD42E3 /* Sources */ = {
			isa = PBXSourcesBuildPhase;
			buildActionMask = 2147483647;
			files = (
				3698C22F1946B0AB00BD42E3 /* PFAppDelegate.m in Sources */,
				EA287CD2194AB4CD00FBBF4D /* PFContactViewController.m in Sources */,
				EAA575BE1946D84C00001547 /* Tab1ViewController.m in Sources */,
				3698C22B1946B0AB00BD42E3 /* main.m in Sources */,
				EAA575AA1946D84C00001547 /* PFTabBarViewController.m in Sources */,
				EAA575A91946D84C00001547 /* PFTabBarItemButton.m in Sources */,
				EAA575A81946D84C00001547 /* PFCustomBadge.m in Sources */,
				EA287CE1194AB7EC00FBBF4D /* AsyncImageView.m in Sources */,
				EA287CDD194AB70900FBBF4D /* PagedImageScrollView.m in Sources */,
				3698C2321946B0AB00BD42E3 /* P2Coffee.xcdatamodeld in Sources */,
				EAA575C21946D84C00001547 /* Tab3ViewController.m in Sources */,
				EAA575C01946D84C00001547 /* Tab2ViewController.m in Sources */,
			);
			runOnlyForDeploymentPostprocessing = 0;
		};
		3698C2351946B0AB00BD42E3 /* Sources */ = {
			isa = PBXSourcesBuildPhase;
			buildActionMask = 2147483647;
			files = (
				3698C2481946B0AB00BD42E3 /* P2CoffeeTests.m in Sources */,
			);
			runOnlyForDeploymentPostprocessing = 0;
		};
/* End PBXSourcesBuildPhase section */

/* Begin PBXTargetDependency section */
		3698C2401946B0AB00BD42E3 /* PBXTargetDependency */ = {
			isa = PBXTargetDependency;
			target = 3698C2181946B0AB00BD42E3 /* P2Coffee */;
			targetProxy = 3698C23F1946B0AB00BD42E3 /* PBXContainerItemProxy */;
		};
/* End PBXTargetDependency section */

/* Begin PBXVariantGroup section */
		3698C2271946B0AB00BD42E3 /* InfoPlist.strings */ = {
			isa = PBXVariantGroup;
			children = (
				3698C2281946B0AB00BD42E3 /* en */,
			);
			name = InfoPlist.strings;
			sourceTree = "<group>";
		};
		3698C2441946B0AB00BD42E3 /* InfoPlist.strings */ = {
			isa = PBXVariantGroup;
			children = (
				3698C2451946B0AB00BD42E3 /* en */,
			);
			name = InfoPlist.strings;
			sourceTree = "<group>";
		};
/* End PBXVariantGroup section */

/* Begin XCBuildConfiguration section */
		3698C2491946B0AB00BD42E3 /* Debug */ = {
			isa = XCBuildConfiguration;
			buildSettings = {
				ALWAYS_SEARCH_USER_PATHS = NO;
				CLANG_CXX_LANGUAGE_STANDARD = "gnu++0x";
				CLANG_CXX_LIBRARY = "libc++";
				CLANG_ENABLE_MODULES = YES;
				CLANG_ENABLE_OBJC_ARC = YES;
				CLANG_WARN_BOOL_CONVERSION = YES;
				CLANG_WARN_CONSTANT_CONVERSION = YES;
				CLANG_WARN_DIRECT_OBJC_ISA_USAGE = YES_ERROR;
				CLANG_WARN_EMPTY_BODY = YES;
				CLANG_WARN_ENUM_CONVERSION = YES;
				CLANG_WARN_INT_CONVERSION = YES;
				CLANG_WARN_OBJC_ROOT_CLASS = YES_ERROR;
				CLANG_WARN__DUPLICATE_METHOD_MATCH = YES;
				"CODE_SIGN_IDENTITY[sdk=iphoneos*]" = "iPhone Developer";
				COPY_PHASE_STRIP = NO;
				GCC_C_LANGUAGE_STANDARD = gnu99;
				GCC_DYNAMIC_NO_PIC = NO;
				GCC_OPTIMIZATION_LEVEL = 0;
				GCC_PREPROCESSOR_DEFINITIONS = (
					"DEBUG=1",
					"$(inherited)",
				);
				GCC_SYMBOLS_PRIVATE_EXTERN = NO;
				GCC_WARN_64_TO_32_BIT_CONVERSION = YES;
				GCC_WARN_ABOUT_RETURN_TYPE = YES_ERROR;
				GCC_WARN_UNDECLARED_SELECTOR = YES;
				GCC_WARN_UNINITIALIZED_AUTOS = YES_AGGRESSIVE;
				GCC_WARN_UNUSED_FUNCTION = YES;
				GCC_WARN_UNUSED_VARIABLE = YES;
				IPHONEOS_DEPLOYMENT_TARGET = 7.1;
				ONLY_ACTIVE_ARCH = YES;
				SDKROOT = iphoneos;
			};
			name = Debug;
		};
		3698C24A1946B0AB00BD42E3 /* Release */ = {
			isa = XCBuildConfiguration;
			buildSettings = {
				ALWAYS_SEARCH_USER_PATHS = NO;
				CLANG_CXX_LANGUAGE_STANDARD = "gnu++0x";
				CLANG_CXX_LIBRARY = "libc++";
				CLANG_ENABLE_MODULES = YES;
				CLANG_ENABLE_OBJC_ARC = YES;
				CLANG_WARN_BOOL_CONVERSION = YES;
				CLANG_WARN_CONSTANT_CONVERSION = YES;
				CLANG_WARN_DIRECT_OBJC_ISA_USAGE = YES_ERROR;
				CLANG_WARN_EMPTY_BODY = YES;
				CLANG_WARN_ENUM_CONVERSION = YES;
				CLANG_WARN_INT_CONVERSION = YES;
				CLANG_WARN_OBJC_ROOT_CLASS = YES_ERROR;
				CLANG_WARN__DUPLICATE_METHOD_MATCH = YES;
				"CODE_SIGN_IDENTITY[sdk=iphoneos*]" = "iPhone Developer";
				COPY_PHASE_STRIP = YES;
				ENABLE_NS_ASSERTIONS = NO;
				GCC_C_LANGUAGE_STANDARD = gnu99;
				GCC_WARN_64_TO_32_BIT_CONVERSION = YES;
				GCC_WARN_ABOUT_RETURN_TYPE = YES_ERROR;
				GCC_WARN_UNDECLARED_SELECTOR = YES;
				GCC_WARN_UNINITIALIZED_AUTOS = YES_AGGRESSIVE;
				GCC_WARN_UNUSED_FUNCTION = YES;
				GCC_WARN_UNUSED_VARIABLE = YES;
				IPHONEOS_DEPLOYMENT_TARGET = 7.1;
				SDKROOT = iphoneos;
				VALIDATE_PRODUCT = YES;
			};
			name = Release;
		};
		3698C24C1946B0AB00BD42E3 /* Debug */ = {
			isa = XCBuildConfiguration;
			buildSettings = {
				ASSETCATALOG_COMPILER_APPICON_NAME = AppIcon;
				ASSETCATALOG_COMPILER_LAUNCHIMAGE_NAME = LaunchImage;
				GCC_PRECOMPILE_PREFIX_HEADER = YES;
				GCC_PREFIX_HEADER = "P2Coffee/P2Coffee-Prefix.pch";
				INFOPLIST_FILE = "P2Coffee/P2Coffee-Info.plist";
				PRODUCT_NAME = "$(TARGET_NAME)";
				WRAPPER_EXTENSION = app;
			};
			name = Debug;
		};
		3698C24D1946B0AB00BD42E3 /* Release */ = {
			isa = XCBuildConfiguration;
			buildSettings = {
				ASSETCATALOG_COMPILER_APPICON_NAME = AppIcon;
				ASSETCATALOG_COMPILER_LAUNCHIMAGE_NAME = LaunchImage;
				GCC_PRECOMPILE_PREFIX_HEADER = YES;
				GCC_PREFIX_HEADER = "P2Coffee/P2Coffee-Prefix.pch";
				INFOPLIST_FILE = "P2Coffee/P2Coffee-Info.plist";
				PRODUCT_NAME = "$(TARGET_NAME)";
				WRAPPER_EXTENSION = app;
			};
			name = Release;
		};
		3698C24F1946B0AB00BD42E3 /* Debug */ = {
			isa = XCBuildConfiguration;
			buildSettings = {
				BUNDLE_LOADER = "$(BUILT_PRODUCTS_DIR)/P2Coffee.app/P2Coffee";
				FRAMEWORK_SEARCH_PATHS = (
					"$(SDKROOT)/Developer/Library/Frameworks",
					"$(inherited)",
					"$(DEVELOPER_FRAMEWORKS_DIR)",
				);
				GCC_PRECOMPILE_PREFIX_HEADER = YES;
				GCC_PREFIX_HEADER = "P2Coffee/P2Coffee-Prefix.pch";
				GCC_PREPROCESSOR_DEFINITIONS = (
					"DEBUG=1",
					"$(inherited)",
				);
				INFOPLIST_FILE = "P2CoffeeTests/P2CoffeeTests-Info.plist";
				PRODUCT_NAME = "$(TARGET_NAME)";
				TEST_HOST = "$(BUNDLE_LOADER)";
				WRAPPER_EXTENSION = xctest;
			};
			name = Debug;
		};
		3698C2501946B0AB00BD42E3 /* Release */ = {
			isa = XCBuildConfiguration;
			buildSettings = {
				BUNDLE_LOADER = "$(BUILT_PRODUCTS_DIR)/P2Coffee.app/P2Coffee";
				FRAMEWORK_SEARCH_PATHS = (
					"$(SDKROOT)/Developer/Library/Frameworks",
					"$(inherited)",
					"$(DEVELOPER_FRAMEWORKS_DIR)",
				);
				GCC_PRECOMPILE_PREFIX_HEADER = YES;
				GCC_PREFIX_HEADER = "P2Coffee/P2Coffee-Prefix.pch";
				INFOPLIST_FILE = "P2CoffeeTests/P2CoffeeTests-Info.plist";
				PRODUCT_NAME = "$(TARGET_NAME)";
				TEST_HOST = "$(BUNDLE_LOADER)";
				WRAPPER_EXTENSION = xctest;
			};
			name = Release;
		};
/* End XCBuildConfiguration section */

/* Begin XCConfigurationList section */
		3698C2141946B0AB00BD42E3 /* Build configuration list for PBXProject "P2Coffee" */ = {
			isa = XCConfigurationList;
			buildConfigurations = (
				3698C2491946B0AB00BD42E3 /* Debug */,
				3698C24A1946B0AB00BD42E3 /* Release */,
			);
			defaultConfigurationIsVisible = 0;
			defaultConfigurationName = Release;
		};
		3698C24B1946B0AB00BD42E3 /* Build configuration list for PBXNativeTarget "P2Coffee" */ = {
			isa = XCConfigurationList;
			buildConfigurations = (
				3698C24C1946B0AB00BD42E3 /* Debug */,
				3698C24D1946B0AB00BD42E3 /* Release */,
			);
			defaultConfigurationIsVisible = 0;
			defaultConfigurationName = Release;
		};
		3698C24E1946B0AB00BD42E3 /* Build configuration list for PBXNativeTarget "P2CoffeeTests" */ = {
			isa = XCConfigurationList;
			buildConfigurations = (
				3698C24F1946B0AB00BD42E3 /* Debug */,
				3698C2501946B0AB00BD42E3 /* Release */,
			);
			defaultConfigurationIsVisible = 0;
			defaultConfigurationName = Release;
		};
/* End XCConfigurationList section */

/* Begin XCVersionGroup section */
		3698C2301946B0AB00BD42E3 /* P2Coffee.xcdatamodeld */ = {
			isa = XCVersionGroup;
			children = (
				3698C2311946B0AB00BD42E3 /* P2Coffee.xcdatamodel */,
			);
			currentVersion = 3698C2311946B0AB00BD42E3 /* P2Coffee.xcdatamodel */;
			path = P2Coffee.xcdatamodeld;
			sourceTree = "<group>";
			versionGroupType = wrapper.xcdatamodel;
		};
/* End XCVersionGroup section */
	};
	rootObject = 3698C2111946B0AB00BD42E3 /* Project object */;
}
